PODS:
  - Google-Mobile-Ads-SDK (7.37.0)
  - PersonalizedAdConsent (1.0.3)

DEPENDENCIES:
  - Google-Mobile-Ads-SDK
  - PersonalizedAdConsent

SPEC REPOS:
  https://github.com/cocoapods/specs.git:
    - Google-Mobile-Ads-SDK
    - PersonalizedAdConsent

SPEC CHECKSUMS:
  Google-Mobile-Ads-SDK: d028682d7450749a1955679da050eaf70d997b3e
  PersonalizedAdConsent: b50a8a5d6065b6db23121e8fcc0dce2ae983f6ea

PODFILE CHECKSUM: e3e5949cccf786a467ba9fbcd6557054a70c9f55

COCOAPODS: 1.5.3
