PODS:
  - Google-Mobile-Ads-SDK (7.33.0)
  - PersonalizedAdConsent (1.0.3)

DEPENDENCIES:
  - Google-Mobile-Ads-SDK
  - PersonalizedAdConsent

SPEC REPOS:
  https://github.com/cocoapods/specs.git:
    - Google-Mobile-Ads-SDK
    - PersonalizedAdConsent

SPEC CHECKSUMS:
  Google-Mobile-Ads-SDK: b10daacc05c820433e5c0c0d57a4f0191f7d2ef5
  PersonalizedAdConsent: b50a8a5d6065b6db23121e8fcc0dce2ae983f6ea

PODFILE CHECKSUM: e3e5949cccf786a467ba9fbcd6557054a70c9f55

COCOAPODS: 1.5.3
