// !$*UTF8*$!
{
	archiveVersion = 1;
	classes = {
	};
	objectVersion = 46;
	objects = {

/* Begin PBXBuildFile section */
		7A8413E61CA1526500B86C48 /* HealthKit.framework in Frameworks */ = {isa = PBXBuildFile; fileRef = 7A8413E51CA1526500B86C48 /* HealthKit.framework */; };
		7AA9F47D1C48EFFF005FFCB3 /* AppDelegate.swift in Sources */ = {isa = PBXBuildFile; fileRef = 7AA9F47C1C48EFFF005FFCB3 /* AppDelegate.swift */; };
		7AA9F4821C48EFFF005FFCB3 /* Main.storyboard in Resources */ = {isa = PBXBuildFile; fileRef = 7AA9F4801C48EFFF005FFCB3 /* Main.storyboard */; };
		7AA9F4841C48EFFF005FFCB3 /* Assets.xcassets in Resources */ = {isa = PBXBuildFile; fileRef = 7AA9F4831C48EFFF005FFCB3 /* Assets.xcassets */; };
		7AA9F4871C48EFFF005FFCB3 /* LaunchScreen.storyboard in Resources */ = {isa = PBXBuildFile; fileRef = 7AA9F4851C48EFFF005FFCB3 /* LaunchScreen.storyboard */; };
		7AA9F4951C48F5A1005FFCB3 /* ListTVC.swift in Sources */ = {isa = PBXBuildFile; fileRef = 7AA9F4941C48F5A1005FFCB3 /* ListTVC.swift */; };
		7AA9F4971C48F64E005FFCB3 /* Main.swift in Sources */ = {isa = PBXBuildFile; fileRef = 7AA9F4961C48F64E005FFCB3 /* Main.swift */; };
		7AA9F4991C4904F9005FFCB3 /* WorkoutTVC.swift in Sources */ = {isa = PBXBuildFile; fileRef = 7AA9F4981C4904F9005FFCB3 /* WorkoutTVC.swift */; };
		7AA9F49C1C492BB4005FFCB3 /* WorkoutDetailTVCell.swift in Sources */ = {isa = PBXBuildFile; fileRef = 7AA9F49B1C492BB4005FFCB3 /* WorkoutDetailTVCell.swift */; };
/* End PBXBuildFile section */

/* Begin PBXFileReference section */
		7A8413E51CA1526500B86C48 /* HealthKit.framework */ = {isa = PBXFileReference; lastKnownFileType = wrapper.framework; name = HealthKit.framework; path = System/Library/Frameworks/HealthKit.framework; sourceTree = SDKROOT; };
		7AA9F4791C48EFFE005FFCB3 /* Workout.app */ = {isa = PBXFileReference; explicitFileType = wrapper.application; includeInIndex = 0; path = Workout.app; sourceTree = BUILT_PRODUCTS_DIR; };
		7AA9F47C1C48EFFF005FFCB3 /* AppDelegate.swift */ = {isa = PBXFileReference; lastKnownFileType = sourcecode.swift; path = AppDelegate.swift; sourceTree = "<group>"; };
		7AA9F4811C48EFFF005FFCB3 /* Base */ = {isa = PBXFileReference; lastKnownFileType = file.storyboard; name = Base; path = Base.lproj/Main.storyboard; sourceTree = "<group>"; };
		7AA9F4831C48EFFF005FFCB3 /* Assets.xcassets */ = {isa = PBXFileReference; lastKnownFileType = folder.assetcatalog; path = Assets.xcassets; sourceTree = "<group>"; };
		7AA9F4861C48EFFF005FFCB3 /* Base */ = {isa = PBXFileReference; lastKnownFileType = file.storyboard; name = Base; path = Base.lproj/LaunchScreen.storyboard; sourceTree = "<group>"; };
		7AA9F4881C48EFFF005FFCB3 /* Info.plist */ = {isa = PBXFileReference; lastKnownFileType = text.plist.xml; path = Info.plist; sourceTree = "<group>"; };
		7AA9F4901C48F027005FFCB3 /* Workout.entitlements */ = {isa = PBXFileReference; lastKnownFileType = text.xml; path = Workout.entitlements; sourceTree = "<group>"; };
		7AA9F4941C48F5A1005FFCB3 /* ListTVC.swift */ = {isa = PBXFileReference; fileEncoding = 4; lastKnownFileType = sourcecode.swift; path = ListTVC.swift; sourceTree = "<group>"; };
		7AA9F4961C48F64E005FFCB3 /* Main.swift */ = {isa = PBXFileReference; fileEncoding = 4; lastKnownFileType = sourcecode.swift; path = Main.swift; sourceTree = "<group>"; };
		7AA9F4981C4904F9005FFCB3 /* WorkoutTVC.swift */ = {isa = PBXFileReference; fileEncoding = 4; lastKnownFileType = sourcecode.swift; path = WorkoutTVC.swift; sourceTree = "<group>"; };
		7AA9F49A1C491ECD005FFCB3 /* MyPlayground.playground */ = {isa = PBXFileReference; lastKnownFileType = file.playground; path = MyPlayground.playground; sourceTree = "<group>"; };
		7AA9F49B1C492BB4005FFCB3 /* WorkoutDetailTVCell.swift */ = {isa = PBXFileReference; fileEncoding = 4; lastKnownFileType = sourcecode.swift; path = WorkoutDetailTVCell.swift; sourceTree = "<group>"; };
/* End PBXFileReference section */

/* Begin PBXFrameworksBuildPhase section */
		7AA9F4761C48EFFE005FFCB3 /* Frameworks */ = {
			isa = PBXFrameworksBuildPhase;
			buildActionMask = 2147483647;
			files = (
				7A8413E61CA1526500B86C48 /* HealthKit.framework in Frameworks */,
			);
			runOnlyForDeploymentPostprocessing = 0;
		};
/* End PBXFrameworksBuildPhase section */

/* Begin PBXGroup section */
		7AA9F4701C48EFFE005FFCB3 = {
			isa = PBXGroup;
			children = (
				7A8413E51CA1526500B86C48 /* HealthKit.framework */,
				7AA9F49A1C491ECD005FFCB3 /* MyPlayground.playground */,
				7AA9F47B1C48EFFF005FFCB3 /* Workout */,
				7AA9F47A1C48EFFE005FFCB3 /* Products */,
			);
			sourceTree = "<group>";
		};
		7AA9F47A1C48EFFE005FFCB3 /* Products */ = {
			isa = PBXGroup;
			children = (
				7AA9F4791C48EFFE005FFCB3 /* Workout.app */,
			);
			name = Products;
			sourceTree = "<group>";
		};
		7AA9F47B1C48EFFF005FFCB3 /* Workout */ = {
			isa = PBXGroup;
			children = (
				7AA9F4941C48F5A1005FFCB3 /* ListTVC.swift */,
				7AA9F4981C4904F9005FFCB3 /* WorkoutTVC.swift */,
				7AA9F49B1C492BB4005FFCB3 /* WorkoutDetailTVCell.swift */,
				7AA9F47C1C48EFFF005FFCB3 /* AppDelegate.swift */,
				7AA9F4961C48F64E005FFCB3 /* Main.swift */,
				7AA9F4831C48EFFF005FFCB3 /* Assets.xcassets */,
				7AA9F4801C48EFFF005FFCB3 /* Main.storyboard */,
				7AA9F4851C48EFFF005FFCB3 /* LaunchScreen.storyboard */,
				7AA9F4911C48F06D005FFCB3 /* Supporting Files */,
			);
			path = Workout;
			sourceTree = "<group>";
		};
		7AA9F4911C48F06D005FFCB3 /* Supporting Files */ = {
			isa = PBXGroup;
			children = (
				7AA9F4901C48F027005FFCB3 /* Workout.entitlements */,
				7AA9F4881C48EFFF005FFCB3 /* Info.plist */,
			);
			name = "Supporting Files";
			sourceTree = "<group>";
		};
/* End PBXGroup section */

/* Begin PBXNativeTarget section */
		7AA9F4781C48EFFE005FFCB3 /* Workout */ = {
			isa = PBXNativeTarget;
			buildConfigurationList = 7AA9F48B1C48EFFF005FFCB3 /* Build configuration list for PBXNativeTarget "Workout" */;
			buildPhases = (
				7AA9F4751C48EFFE005FFCB3 /* Sources */,
				7AA9F4761C48EFFE005FFCB3 /* Frameworks */,
				7AA9F4771C48EFFE005FFCB3 /* Resources */,
			);
			buildRules = (
			);
			dependencies = (
			);
			name = Workout;
			productName = Workout;
			productReference = 7AA9F4791C48EFFE005FFCB3 /* Workout.app */;
			productType = "com.apple.product-type.application";
		};
/* End PBXNativeTarget section */

/* Begin PBXProject section */
		7AA9F4711C48EFFE005FFCB3 /* Project object */ = {
			isa = PBXProject;
			attributes = {
				LastSwiftUpdateCheck = 0720;
				LastUpgradeCheck = 0720;
				ORGANIZATIONNAME = "Marco Boschi";
				TargetAttributes = {
					7AA9F4781C48EFFE005FFCB3 = {
						CreatedOnToolsVersion = 7.2;
						DevelopmentTeam = C8D57YLUAC;
						SystemCapabilities = {
							com.apple.HealthKit = {
								enabled = 1;
							};
						};
					};
				};
			};
			buildConfigurationList = 7AA9F4741C48EFFE005FFCB3 /* Build configuration list for PBXProject "Workout" */;
			compatibilityVersion = "Xcode 3.2";
			developmentRegion = English;
			hasScannedForEncodings = 0;
			knownRegions = (
				en,
				Base,
			);
			mainGroup = 7AA9F4701C48EFFE005FFCB3;
			productRefGroup = 7AA9F47A1C48EFFE005FFCB3 /* Products */;
			projectDirPath = "";
			projectRoot = "";
			targets = (
				7AA9F4781C48EFFE005FFCB3 /* Workout */,
			);
		};
/* End PBXProject section */

/* Begin PBXResourcesBuildPhase section */
		7AA9F4771C48EFFE005FFCB3 /* Resources */ = {
			isa = PBXResourcesBuildPhase;
			buildActionMask = 2147483647;
			files = (
				7AA9F4871C48EFFF005FFCB3 /* LaunchScreen.storyboard in Resources */,
				7AA9F4841C48EFFF005FFCB3 /* Assets.xcassets in Resources */,
				7AA9F4821C48EFFF005FFCB3 /* Main.storyboard in Resources */,
			);
			runOnlyForDeploymentPostprocessing = 0;
		};
/* End PBXResourcesBuildPhase section */

/* Begin PBXSourcesBuildPhase section */
		7AA9F4751C48EFFE005FFCB3 /* Sources */ = {
			isa = PBXSourcesBuildPhase;
			buildActionMask = 2147483647;
			files = (
				7AA9F4971C48F64E005FFCB3 /* Main.swift in Sources */,
				7AA9F4951C48F5A1005FFCB3 /* ListTVC.swift in Sources */,
				7AA9F4991C4904F9005FFCB3 /* WorkoutTVC.swift in Sources */,
				7AA9F47D1C48EFFF005FFCB3 /* AppDelegate.swift in Sources */,
				7AA9F49C1C492BB4005FFCB3 /* WorkoutDetailTVCell.swift in Sources */,
			);
			runOnlyForDeploymentPostprocessing = 0;
		};
/* End PBXSourcesBuildPhase section */

/* Begin PBXVariantGroup section */
		7AA9F4801C48EFFF005FFCB3 /* Main.storyboard */ = {
			isa = PBXVariantGroup;
			children = (
				7AA9F4811C48EFFF005FFCB3 /* Base */,
			);
			name = Main.storyboard;
			sourceTree = "<group>";
		};
		7AA9F4851C48EFFF005FFCB3 /* LaunchScreen.storyboard */ = {
			isa = PBXVariantGroup;
			children = (
				7AA9F4861C48EFFF005FFCB3 /* Base */,
			);
			name = LaunchScreen.storyboard;
			sourceTree = "<group>";
		};
/* End PBXVariantGroup section */

/* Begin XCBuildConfiguration section */
		7AA9F4891C48EFFF005FFCB3 /* Debug */ = {
			isa = XCBuildConfiguration;
			buildSettings = {
				ALWAYS_SEARCH_USER_PATHS = NO;
				CLANG_CXX_LANGUAGE_STANDARD = "gnu++0x";
				CLANG_CXX_LIBRARY = "libc++";
				CLANG_ENABLE_MODULES = YES;
				CLANG_ENABLE_OBJC_ARC = YES;
				CLANG_WARN_BOOL_CONVERSION = YES;
				CLANG_WARN_CONSTANT_CONVERSION = YES;
				CLANG_WARN_DIRECT_OBJC_ISA_USAGE = YES_ERROR;
				CLANG_WARN_EMPTY_BODY = YES;
				CLANG_WARN_ENUM_CONVERSION = YES;
				CLANG_WARN_INT_CONVERSION = YES;
				CLANG_WARN_OBJC_ROOT_CLASS = YES_ERROR;
				CLANG_WARN_UNREACHABLE_CODE = YES;
				CLANG_WARN__DUPLICATE_METHOD_MATCH = YES;
				"CODE_SIGN_IDENTITY[sdk=iphoneos*]" = "iPhone Developer";
				COPY_PHASE_STRIP = NO;
				DEBUG_INFORMATION_FORMAT = dwarf;
				ENABLE_STRICT_OBJC_MSGSEND = YES;
				ENABLE_TESTABILITY = YES;
				GCC_C_LANGUAGE_STANDARD = gnu99;
				GCC_DYNAMIC_NO_PIC = NO;
				GCC_NO_COMMON_BLOCKS = YES;
				GCC_OPTIMIZATION_LEVEL = 0;
				GCC_PREPROCESSOR_DEFINITIONS = (
					"DEBUG=1",
					"$(inherited)",
				);
				GCC_WARN_64_TO_32_BIT_CONVERSION = YES;
				GCC_WARN_ABOUT_RETURN_TYPE = YES_ERROR;
				GCC_WARN_UNDECLARED_SELECTOR = YES;
				GCC_WARN_UNINITIALIZED_AUTOS = YES_AGGRESSIVE;
				GCC_WARN_UNUSED_FUNCTION = YES;
				GCC_WARN_UNUSED_VARIABLE = YES;
				IPHONEOS_DEPLOYMENT_TARGET = 9.2;
				MTL_ENABLE_DEBUG_INFO = YES;
				ONLY_ACTIVE_ARCH = YES;
				SDKROOT = iphoneos;
				SWIFT_OPTIMIZATION_LEVEL = "-Onone";
			};
			name = Debug;
		};
		7AA9F48A1C48EFFF005FFCB3 /* Release */ = {
			isa = XCBuildConfiguration;
			buildSettings = {
				ALWAYS_SEARCH_USER_PATHS = NO;
				CLANG_CXX_LANGUAGE_STANDARD = "gnu++0x";
				CLANG_CXX_LIBRARY = "libc++";
				CLANG_ENABLE_MODULES = YES;
				CLANG_ENABLE_OBJC_ARC = YES;
				CLANG_WARN_BOOL_CONVERSION = YES;
				CLANG_WARN_CONSTANT_CONVERSION = YES;
				CLANG_WARN_DIRECT_OBJC_ISA_USAGE = YES_ERROR;
				CLANG_WARN_EMPTY_BODY = YES;
				CLANG_WARN_ENUM_CONVERSION = YES;
				CLANG_WARN_INT_CONVERSION = YES;
				CLANG_WARN_OBJC_ROOT_CLASS = YES_ERROR;
				CLANG_WARN_UNREACHABLE_CODE = YES;
				CLANG_WARN__DUPLICATE_METHOD_MATCH = YES;
				"CODE_SIGN_IDENTITY[sdk=iphoneos*]" = "iPhone Developer";
				COPY_PHASE_STRIP = NO;
				DEBUG_INFORMATION_FORMAT = "dwarf-with-dsym";
				ENABLE_NS_ASSERTIONS = NO;
				ENABLE_STRICT_OBJC_MSGSEND = YES;
				GCC_C_LANGUAGE_STANDARD = gnu99;
				GCC_NO_COMMON_BLOCKS = YES;
				GCC_WARN_64_TO_32_BIT_CONVERSION = YES;
				GCC_WARN_ABOUT_RETURN_TYPE = YES_ERROR;
				GCC_WARN_UNDECLARED_SELECTOR = YES;
				GCC_WARN_UNINITIALIZED_AUTOS = YES_AGGRESSIVE;
				GCC_WARN_UNUSED_FUNCTION = YES;
				GCC_WARN_UNUSED_VARIABLE = YES;
				IPHONEOS_DEPLOYMENT_TARGET = 9.2;
				MTL_ENABLE_DEBUG_INFO = NO;
				SDKROOT = iphoneos;
				VALIDATE_PRODUCT = YES;
			};
			name = Release;
		};
		7AA9F48C1C48EFFF005FFCB3 /* Debug */ = {
			isa = XCBuildConfiguration;
			buildSettings = {
				ASSETCATALOG_COMPILER_APPICON_NAME = AppIcon;
				CODE_SIGN_ENTITLEMENTS = Workout/Workout.entitlements;
				CODE_SIGN_IDENTITY = "iPhone Developer";
				"CODE_SIGN_IDENTITY[sdk=iphoneos*]" = "iPhone Developer";
				INFOPLIST_FILE = Workout/Info.plist;
				IPHONEOS_DEPLOYMENT_TARGET = 9.2;
				LD_RUNPATH_SEARCH_PATHS = "$(inherited) @executable_path/Frameworks";
				PRODUCT_BUNDLE_IDENTIFIER = "Marco-Boschi.ios.Workout";
				PRODUCT_NAME = "$(TARGET_NAME)";
				PROVISIONING_PROFILE = "";
			};
			name = Debug;
		};
		7AA9F48D1C48EFFF005FFCB3 /* Release */ = {
			isa = XCBuildConfiguration;
			buildSettings = {
				ASSETCATALOG_COMPILER_APPICON_NAME = AppIcon;
				CODE_SIGN_ENTITLEMENTS = Workout/Workout.entitlements;
				CODE_SIGN_IDENTITY = "iPhone Developer";
				"CODE_SIGN_IDENTITY[sdk=iphoneos*]" = "iPhone Developer";
				INFOPLIST_FILE = Workout/Info.plist;
				IPHONEOS_DEPLOYMENT_TARGET = 9.2;
				LD_RUNPATH_SEARCH_PATHS = "$(inherited) @executable_path/Frameworks";
				PRODUCT_BUNDLE_IDENTIFIER = "Marco-Boschi.ios.Workout";
				PRODUCT_NAME = "$(TARGET_NAME)";
				PROVISIONING_PROFILE = "";
			};
			name = Release;
		};
/* End XCBuildConfiguration section */

/* Begin XCConfigurationList section */
		7AA9F4741C48EFFE005FFCB3 /* Build configuration list for PBXProject "Workout" */ = {
			isa = XCConfigurationList;
			buildConfigurations = (
				7AA9F4891C48EFFF005FFCB3 /* Debug */,
				7AA9F48A1C48EFFF005FFCB3 /* Release */,
			);
			defaultConfigurationIsVisible = 0;
			defaultConfigurationName = Release;
		};
		7AA9F48B1C48EFFF005FFCB3 /* Build configuration list for PBXNativeTarget "Workout" */ = {
			isa = XCConfigurationList;
			buildConfigurations = (
				7AA9F48C1C48EFFF005FFCB3 /* Debug */,
				7AA9F48D1C48EFFF005FFCB3 /* Release */,
			);
			defaultConfigurationIsVisible = 0;
			defaultConfigurationName = Release;
		};
/* End XCConfigurationList section */
	};
	rootObject = 7AA9F4711C48EFFE005FFCB3 /* Project object */;
}
