// !$*UTF8*$!
{
	archiveVersion = 1;
	classes = {
	};
	objectVersion = 51;
	objects = {

/* Begin PBXBuildFile section */
		6FDD7897C9603553538BAE3D /* Pods_Workout.framework in Frameworks */ = {isa = PBXBuildFile; fileRef = 36DFDE010077F29DA04CBBB5 /* Pods_Workout.framework */; };
		7A09205922EB8BA900EC86A6 /* CyclingWorkout.swift in Sources */ = {isa = PBXBuildFile; fileRef = 7A09205822EB8BA900EC86A6 /* CyclingWorkout.swift */; };
		7A1CE14122C7649200414497 /* WorkoutBulkExporter.swift in Sources */ = {isa = PBXBuildFile; fileRef = 7A1CE14022C7649200414497 /* WorkoutBulkExporter.swift */; };
		7A1F8CBA23AF53E1008EA2E9 /* RouteType.swift in Sources */ = {isa = PBXBuildFile; fileRef = 7A1F8CB923AF53E1008EA2E9 /* RouteType.swift */; };
		7A1F8CC223AF5610008EA2E9 /* RouteTypeTVC.swift in Sources */ = {isa = PBXBuildFile; fileRef = 7A1F8CC123AF5610008EA2E9 /* RouteTypeTVC.swift */; };
		7A1F8CC623AFC294008EA2E9 /* WorkoutRouteExporter.swift in Sources */ = {isa = PBXBuildFile; fileRef = 7A1F8CC523AFC294008EA2E9 /* WorkoutRouteExporter.swift */; };
		7A1F8CC823AFC358008EA2E9 /* CSVWorkoutRouteExporter.swift in Sources */ = {isa = PBXBuildFile; fileRef = 7A1F8CC723AFC358008EA2E9 /* CSVWorkoutRouteExporter.swift */; };
		7A1F8CCA23AFC374008EA2E9 /* GPXWorkoutRouteExporter.swift in Sources */ = {isa = PBXBuildFile; fileRef = 7A1F8CC923AFC374008EA2E9 /* GPXWorkoutRouteExporter.swift */; };
		7A45CBB523BEA2DB006424B4 /* MBHealth.framework in Frameworks */ = {isa = PBXBuildFile; fileRef = 7A5E998A23B88F4600691185 /* MBHealth.framework */; };
		7A45CBB623BEA2DB006424B4 /* MBHealth.framework in Embed Frameworks */ = {isa = PBXBuildFile; fileRef = 7A5E998A23B88F4600691185 /* MBHealth.framework */; settings = {ATTRIBUTES = (CodeSignOnCopy, RemoveHeadersOnCopy, ); }; };
		7A5E999D23B892F900691185 /* InfoPlist.strings in Resources */ = {isa = PBXBuildFile; fileRef = 7A5E999B23B892F800691185 /* InfoPlist.strings */; };
		7A5E999E23B8956E00691185 /* MBLibrary.framework in Frameworks */ = {isa = PBXBuildFile; fileRef = 7A5E998423B88F4600691185 /* MBLibrary.framework */; };
		7A5E99A123B895B900691185 /* MBHealth.framework in Frameworks */ = {isa = PBXBuildFile; fileRef = 7A5E998A23B88F4600691185 /* MBHealth.framework */; };
		7A5E99A323B8965900691185 /* MBLibrary.framework in Frameworks */ = {isa = PBXBuildFile; fileRef = 7A5E998423B88F4600691185 /* MBLibrary.framework */; };
		7A5E99A423B8965900691185 /* MBLibrary.framework in Embed Frameworks */ = {isa = PBXBuildFile; fileRef = 7A5E998423B88F4600691185 /* MBLibrary.framework */; settings = {ATTRIBUTES = (CodeSignOnCopy, RemoveHeadersOnCopy, ); }; };
		7A650B0122C1300100059687 /* AppDelegate.swift in Sources */ = {isa = PBXBuildFile; fileRef = 7A650B0022C1300100059687 /* AppDelegate.swift */; };
		7A650B0322C1300100059687 /* SceneDelegate.swift in Sources */ = {isa = PBXBuildFile; fileRef = 7A650B0222C1300100059687 /* SceneDelegate.swift */; };
		7A650B0A22C1300500059687 /* Assets.xcassets in Resources */ = {isa = PBXBuildFile; fileRef = 7A650B0922C1300500059687 /* Assets.xcassets */; };
		7A650B1722C1307200059687 /* HealthKit.framework in Frameworks */ = {isa = PBXBuildFile; fileRef = 7A650B1622C1307200059687 /* HealthKit.framework */; };
		7A650B3622C1330A00059687 /* StoreKit.framework in Frameworks */ = {isa = PBXBuildFile; fileRef = 7A650B3522C1330A00059687 /* StoreKit.framework */; };
		7A650B5C22C1354500059687 /* Main.swift in Sources */ = {isa = PBXBuildFile; fileRef = 7A650B4122C1353F00059687 /* Main.swift */; };
		7A650B5D22C1354500059687 /* UnitsTVC.swift in Sources */ = {isa = PBXBuildFile; fileRef = 7A650B4222C1353F00059687 /* UnitsTVC.swift */; };
		7A650B5E22C1354500059687 /* WorkoutTVC.swift in Sources */ = {isa = PBXBuildFile; fileRef = 7A650B4322C1353F00059687 /* WorkoutTVC.swift */; };
		7A650B5F22C1354500059687 /* RunningHeartZonesTVC.swift in Sources */ = {isa = PBXBuildFile; fileRef = 7A650B4422C1354000059687 /* RunningHeartZonesTVC.swift */; };
		7A650B6022C1354500059687 /* StepSourceTVC.swift in Sources */ = {isa = PBXBuildFile; fileRef = 7A650B4522C1354000059687 /* StepSourceTVC.swift */; };
		7A650B6622C1354500059687 /* FilterListTVC.swift in Sources */ = {isa = PBXBuildFile; fileRef = 7A650B4B22C1354100059687 /* FilterListTVC.swift */; };
		7A650B6822C1354500059687 /* ListTVC.swift in Sources */ = {isa = PBXBuildFile; fileRef = 7A650B4D22C1354200059687 /* ListTVC.swift */; };
		7A650B6922C1354500059687 /* AboutVC.swift in Sources */ = {isa = PBXBuildFile; fileRef = 7A650B4E22C1354200059687 /* AboutVC.swift */; };
		7A650B6E22C1354500059687 /* LoadMoreCell.swift in Sources */ = {isa = PBXBuildFile; fileRef = 7A650B5322C1354300059687 /* LoadMoreCell.swift */; };
		7A714AA722D0D90B00AB7DD0 /* AdsManager.swift in Sources */ = {isa = PBXBuildFile; fileRef = 7A714AA622D0D90B00AB7DD0 /* AdsManager.swift */; };
		7A7170FE2365B355005A3314 /* AppDelegate.swift in Sources */ = {isa = PBXBuildFile; fileRef = 7A7170FD2365B355005A3314 /* AppDelegate.swift */; };
		7A7171002365B355005A3314 /* SceneDelegate.swift in Sources */ = {isa = PBXBuildFile; fileRef = 7A7170FF2365B355005A3314 /* SceneDelegate.swift */; };
		7A7171022365B355005A3314 /* ContentView.swift in Sources */ = {isa = PBXBuildFile; fileRef = 7A7171012365B355005A3314 /* ContentView.swift */; };
		7A7171042365B35C005A3314 /* Assets.xcassets in Resources */ = {isa = PBXBuildFile; fileRef = 7A7171032365B35C005A3314 /* Assets.xcassets */; };
		7A7171072365B35C005A3314 /* Preview Assets.xcassets in Resources */ = {isa = PBXBuildFile; fileRef = 7A7171062365B35C005A3314 /* Preview Assets.xcassets */; };
		7A71710A2365B35C005A3314 /* LaunchScreen.storyboard in Resources */ = {isa = PBXBuildFile; fileRef = 7A7171082365B35C005A3314 /* LaunchScreen.storyboard */; };
		7A7171162365B36E005A3314 /* HealthKit.framework in Frameworks */ = {isa = PBXBuildFile; fileRef = 7A650B1622C1307200059687 /* HealthKit.framework */; };
		7A79B1E222DB205800106F14 /* Localizable.strings in Resources */ = {isa = PBXBuildFile; fileRef = 7AA121EC22C1373B0063E0F3 /* Localizable.strings */; };
		7A79B1E322DB205800106F14 /* Localizable.stringsdict in Resources */ = {isa = PBXBuildFile; fileRef = 7AA121EE22C1373C0063E0F3 /* Localizable.stringsdict */; };
		7A79C89C23AD0F9C007DEC07 /* WorkoutRoute.swift in Sources */ = {isa = PBXBuildFile; fileRef = 7A79C89B23AD0F9C007DEC07 /* WorkoutRoute.swift */; };
		7A79C8A523AD17D3007DEC07 /* AdditionalDataManager.swift in Sources */ = {isa = PBXBuildFile; fileRef = 7A79C8A423AD17D3007DEC07 /* AdditionalDataManager.swift */; };
		7A79C8A723AD182C007DEC07 /* AdditionalDataExtractor.swift in Sources */ = {isa = PBXBuildFile; fileRef = 7A79C8A623AD182C007DEC07 /* AdditionalDataExtractor.swift */; };
		7A79C8AA23AD2B74007DEC07 /* WorkoutRouteTVCell.swift in Sources */ = {isa = PBXBuildFile; fileRef = 7A79C8A923AD2B74007DEC07 /* WorkoutRouteTVCell.swift */; };
		7A9BF6CC22CA233900EC1D95 /* Extensions.swift in Sources */ = {isa = PBXBuildFile; fileRef = 7A9BF6CB22CA233900EC1D95 /* Extensions.swift */; };
		7A9BF6D422CA317600EC1D95 /* FilterCells.swift in Sources */ = {isa = PBXBuildFile; fileRef = 7A9BF6D322CA317600EC1D95 /* FilterCells.swift */; };
		7AA121E822C1370D0063E0F3 /* LaunchScreen.storyboard in Resources */ = {isa = PBXBuildFile; fileRef = 7AA121E622C1370D0063E0F3 /* LaunchScreen.storyboard */; };
		7AA121EB22C137260063E0F3 /* Main.storyboard in Resources */ = {isa = PBXBuildFile; fileRef = 7AA121E922C137250063E0F3 /* Main.storyboard */; };
		7AA121F022C1373C0063E0F3 /* Localizable.strings in Resources */ = {isa = PBXBuildFile; fileRef = 7AA121EC22C1373B0063E0F3 /* Localizable.strings */; };
		7AA121F122C1373C0063E0F3 /* Localizable.stringsdict in Resources */ = {isa = PBXBuildFile; fileRef = 7AA121EE22C1373C0063E0F3 /* Localizable.stringsdict */; };
		7AB7CD8522C4D774001A0171 /* Workout_Core.h in Headers */ = {isa = PBXBuildFile; fileRef = 7AB7CD8322C4D774001A0171 /* Workout_Core.h */; settings = {ATTRIBUTES = (Public, ); }; };
		7AB7CD8822C4D774001A0171 /* WorkoutCore.framework in Frameworks */ = {isa = PBXBuildFile; fileRef = 7AB7CD8122C4D774001A0171 /* WorkoutCore.framework */; };
		7AB7CD8922C4D774001A0171 /* WorkoutCore.framework in Embed Frameworks */ = {isa = PBXBuildFile; fileRef = 7AB7CD8122C4D774001A0171 /* WorkoutCore.framework */; settings = {ATTRIBUTES = (CodeSignOnCopy, RemoveHeadersOnCopy, ); }; };
		7AB7CD9422C4DAFF001A0171 /* Health.swift in Sources */ = {isa = PBXBuildFile; fileRef = 7AD7D8EB22C2B0A40092480A /* Health.swift */; };
		7AB7CD9522C4DAFF001A0171 /* Preferences.swift in Sources */ = {isa = PBXBuildFile; fileRef = 7AD7D8EE22C2B0D00092480A /* Preferences.swift */; };
		7AB7CD9622C4DAFF001A0171 /* WorkoutList.swift in Sources */ = {isa = PBXBuildFile; fileRef = 7AD7D8E222C2B0600092480A /* WorkoutList.swift */; };
		7AB7CD9722C4DB06001A0171 /* StepSource.swift in Sources */ = {isa = PBXBuildFile; fileRef = 7A2B0E5022C26A1800F09DA1 /* StepSource.swift */; };
		7AB7CD9822C4DB06001A0171 /* SystemOfUnits.swift in Sources */ = {isa = PBXBuildFile; fileRef = 7A2B0E5222C26A5E00F09DA1 /* SystemOfUnits.swift */; };
		7AB7CD9922C4DB06001A0171 /* WorkoutUnit.swift in Sources */ = {isa = PBXBuildFile; fileRef = 7A650B5722C1354400059687 /* WorkoutUnit.swift */; };
		7AB7CD9A22C4DB0D001A0171 /* Workout.swift in Sources */ = {isa = PBXBuildFile; fileRef = 7A650B4C22C1354100059687 /* Workout.swift */; };
		7AB7CD9B22C4DB0D001A0171 /* WorkoutDataQuery.swift in Sources */ = {isa = PBXBuildFile; fileRef = 7A650B4922C1354100059687 /* WorkoutDataQuery.swift */; };
		7AB7CD9C22C4DB14001A0171 /* RunningWorkout.swift in Sources */ = {isa = PBXBuildFile; fileRef = 7A650B4022C1353F00059687 /* RunningWorkout.swift */; };
		7AB7CD9D22C4DB14001A0171 /* SwimmingWorkout.swift in Sources */ = {isa = PBXBuildFile; fileRef = 7A650B5422C1354300059687 /* SwimmingWorkout.swift */; };
		7AB7CD9E22C4DB1A001A0171 /* AdditionalDataProcessor.swift in Sources */ = {isa = PBXBuildFile; fileRef = 7A650B5822C1354500059687 /* AdditionalDataProcessor.swift */; };
		7AB7CD9F22C4DB1A001A0171 /* AdditionalDataProvider.swift in Sources */ = {isa = PBXBuildFile; fileRef = 7A650B4F22C1354200059687 /* AdditionalDataProvider.swift */; };
		7AB7CDA022C4DB1A001A0171 /* MinuteByMinuteBreakdown.swift in Sources */ = {isa = PBXBuildFile; fileRef = 7A650B5522C1354400059687 /* MinuteByMinuteBreakdown.swift */; };
		7AB7CDA122C4DB1A001A0171 /* RunningHeartZones.swift in Sources */ = {isa = PBXBuildFile; fileRef = 7A650B3E22C1353E00059687 /* RunningHeartZones.swift */; };
		7AB7CDA222C4DB20001A0171 /* DataPoint.swift in Sources */ = {isa = PBXBuildFile; fileRef = 7A650B3F22C1353F00059687 /* DataPoint.swift */; };
		7AB7CDA322C4DB20001A0171 /* WorkoutDetail.swift in Sources */ = {isa = PBXBuildFile; fileRef = 7A650B5022C1354200059687 /* WorkoutDetail.swift */; };
		7AB7CDA422C4DB20001A0171 /* WorkoutMinute.swift in Sources */ = {isa = PBXBuildFile; fileRef = 7A650B4722C1354000059687 /* WorkoutMinute.swift */; };
		7AB7CDA522C4DB20001A0171 /* WorkoutSegment.swift in Sources */ = {isa = PBXBuildFile; fileRef = 7A650B4822C1354000059687 /* WorkoutSegment.swift */; };
		7AB7CDA822C4DB89001A0171 /* Constants.swift in Sources */ = {isa = PBXBuildFile; fileRef = 7AB7CDA722C4DB89001A0171 /* Constants.swift */; };
		7AB7CDAB22C4DBB2001A0171 /* Extensions.swift in Sources */ = {isa = PBXBuildFile; fileRef = 7AD7D8FB22C2BC5E0092480A /* Extensions.swift */; };
		7AB7CDAC22C4DC38001A0171 /* Formatters.swift in Sources */ = {isa = PBXBuildFile; fileRef = 7AD7D8FC22C2BC5E0092480A /* Formatters.swift */; };
		7AB7CDAE22C4DD3D001A0171 /* WorkoutMinuteTVCell.swift in Sources */ = {isa = PBXBuildFile; fileRef = 7A650B5122C1354300059687 /* WorkoutMinuteTVCell.swift */; };
		7AE6A94222E793E600D2ED88 /* WorkoutGeneralDataCell.swift in Sources */ = {isa = PBXBuildFile; fileRef = 7AE6A94122E793E600D2ED88 /* WorkoutGeneralDataCell.swift */; };
		FEBC70160AA4711455BAEE49 /* Pods_Workout_Core.framework in Frameworks */ = {isa = PBXBuildFile; fileRef = D16061966C93D1ABFEF82786 /* Pods_Workout_Core.framework */; };
/* End PBXBuildFile section */

/* Begin PBXContainerItemProxy section */
		7A5E998323B88F4600691185 /* PBXContainerItemProxy */ = {
			isa = PBXContainerItemProxy;
			containerPortal = 7A5E997A23B88F4500691185 /* MBLibrary.xcodeproj */;
			proxyType = 2;
			remoteGlobalIDString = 7A584FA51D3E241C000C739B;
			remoteInfo = "MBLibrary iOS";
		};
		7A5E998523B88F4600691185 /* PBXContainerItemProxy */ = {
			isa = PBXContainerItemProxy;
			containerPortal = 7A5E997A23B88F4500691185 /* MBLibrary.xcodeproj */;
			proxyType = 2;
			remoteGlobalIDString = 7A0064CA1D3E9AF00089297D;
			remoteInfo = "MBLibrary macOS";
		};
		7A5E998723B88F4600691185 /* PBXContainerItemProxy */ = {
			isa = PBXContainerItemProxy;
			containerPortal = 7A5E997A23B88F4500691185 /* MBLibrary.xcodeproj */;
			proxyType = 2;
			remoteGlobalIDString = 7A0064FE1D3EB02B0089297D;
			remoteInfo = "MBLibrary watchOS";
		};
		7A5E998923B88F4600691185 /* PBXContainerItemProxy */ = {
			isa = PBXContainerItemProxy;
			containerPortal = 7A5E997A23B88F4500691185 /* MBLibrary.xcodeproj */;
			proxyType = 2;
			remoteGlobalIDString = 7AB95A4F223845ED0021EE86;
			remoteInfo = "MBHealth iOS";
		};
		7A5E998B23B88F4600691185 /* PBXContainerItemProxy */ = {
			isa = PBXContainerItemProxy;
			containerPortal = 7A5E997A23B88F4500691185 /* MBLibrary.xcodeproj */;
			proxyType = 2;
			remoteGlobalIDString = 7AB95A5C2238471A0021EE86;
			remoteInfo = "MBHealth watchOS";
		};
		7A5E998D23B88F4600691185 /* PBXContainerItemProxy */ = {
			isa = PBXContainerItemProxy;
			containerPortal = 7A5E997A23B88F4500691185 /* MBLibrary.xcodeproj */;
			proxyType = 2;
			remoteGlobalIDString = 7A0064DF1D3E9BFA0089297D;
			remoteInfo = MBLibraryTests;
		};
		7AB7CD8622C4D774001A0171 /* PBXContainerItemProxy */ = {
			isa = PBXContainerItemProxy;
			containerPortal = 7A650AF522C1300000059687 /* Project object */;
			proxyType = 1;
			remoteGlobalIDString = 7AB7CD8022C4D774001A0171;
			remoteInfo = "Workout Core";
		};
/* End PBXContainerItemProxy section */

/* Begin PBXCopyFilesBuildPhase section */
		7A650B3222C132EE00059687 /* Embed Frameworks */ = {
			isa = PBXCopyFilesBuildPhase;
			buildActionMask = 2147483647;
			dstPath = "";
			dstSubfolderSpec = 10;
			files = (
				7AB7CD8922C4D774001A0171 /* WorkoutCore.framework in Embed Frameworks */,
				7A45CBB623BEA2DB006424B4 /* MBHealth.framework in Embed Frameworks */,
				7A5E99A423B8965900691185 /* MBLibrary.framework in Embed Frameworks */,
			);
			name = "Embed Frameworks";
			runOnlyForDeploymentPostprocessing = 0;
		};
/* End PBXCopyFilesBuildPhase section */

/* Begin PBXFileReference section */
		15DCB1062DF12CD614F251B6 /* Pods-Workout.release.xcconfig */ = {isa = PBXFileReference; includeInIndex = 1; lastKnownFileType = text.xcconfig; name = "Pods-Workout.release.xcconfig"; path = "Pods/Target Support Files/Pods-Workout/Pods-Workout.release.xcconfig"; sourceTree = "<group>"; };
		36DFDE010077F29DA04CBBB5 /* Pods_Workout.framework */ = {isa = PBXFileReference; explicitFileType = wrapper.framework; includeInIndex = 0; path = Pods_Workout.framework; sourceTree = BUILT_PRODUCTS_DIR; };
		3BD3437423A998CC00567BD7 /* Base */ = {isa = PBXFileReference; lastKnownFileType = file.storyboard; name = Base; path = Base.lproj/LaunchScreen.storyboard; sourceTree = "<group>"; };
		3BD3437623A998CC00567BD7 /* Base */ = {isa = PBXFileReference; lastKnownFileType = file.storyboard; name = Base; path = Base.lproj/LaunchScreen.storyboard; sourceTree = "<group>"; };
		3BD3437823A998D800567BD7 /* fr */ = {isa = PBXFileReference; lastKnownFileType = text.plist.strings; name = fr; path = fr.lproj/Main.strings; sourceTree = "<group>"; };
		3BD3437923A998D800567BD7 /* fr */ = {isa = PBXFileReference; lastKnownFileType = text.plist.strings; name = fr; path = fr.lproj/LaunchScreen.strings; sourceTree = "<group>"; };
		3BD3437A23A998D900567BD7 /* fr */ = {isa = PBXFileReference; lastKnownFileType = text.plist.strings; name = fr; path = fr.lproj/Localizable.strings; sourceTree = "<group>"; };
		3BD3437B23A998DA00567BD7 /* fr */ = {isa = PBXFileReference; lastKnownFileType = text.plist.stringsdict; name = fr; path = fr.lproj/Localizable.stringsdict; sourceTree = "<group>"; };
		5CDCD9A647ADAC5D3651BE69 /* Pods-Workout Core.release.xcconfig */ = {isa = PBXFileReference; includeInIndex = 1; lastKnownFileType = text.xcconfig; name = "Pods-Workout Core.release.xcconfig"; path = "Pods/Target Support Files/Pods-Workout Core/Pods-Workout Core.release.xcconfig"; sourceTree = "<group>"; };
		5D5FDF6B281BD8F3FEE5AC5C /* Pods-Workout.debug.xcconfig */ = {isa = PBXFileReference; includeInIndex = 1; lastKnownFileType = text.xcconfig; name = "Pods-Workout.debug.xcconfig"; path = "Pods/Target Support Files/Pods-Workout/Pods-Workout.debug.xcconfig"; sourceTree = "<group>"; };
		7A09205822EB8BA900EC86A6 /* CyclingWorkout.swift */ = {isa = PBXFileReference; lastKnownFileType = sourcecode.swift; path = CyclingWorkout.swift; sourceTree = "<group>"; };
		7A1CE14022C7649200414497 /* WorkoutBulkExporter.swift */ = {isa = PBXFileReference; lastKnownFileType = sourcecode.swift; path = WorkoutBulkExporter.swift; sourceTree = "<group>"; };
		7A1F8CB923AF53E1008EA2E9 /* RouteType.swift */ = {isa = PBXFileReference; lastKnownFileType = sourcecode.swift; path = RouteType.swift; sourceTree = "<group>"; };
		7A1F8CC123AF5610008EA2E9 /* RouteTypeTVC.swift */ = {isa = PBXFileReference; lastKnownFileType = sourcecode.swift; path = RouteTypeTVC.swift; sourceTree = "<group>"; };
		7A1F8CC523AFC294008EA2E9 /* WorkoutRouteExporter.swift */ = {isa = PBXFileReference; lastKnownFileType = sourcecode.swift; path = WorkoutRouteExporter.swift; sourceTree = "<group>"; };
		7A1F8CC723AFC358008EA2E9 /* CSVWorkoutRouteExporter.swift */ = {isa = PBXFileReference; lastKnownFileType = sourcecode.swift; path = CSVWorkoutRouteExporter.swift; sourceTree = "<group>"; };
		7A1F8CC923AFC374008EA2E9 /* GPXWorkoutRouteExporter.swift */ = {isa = PBXFileReference; lastKnownFileType = sourcecode.swift; path = GPXWorkoutRouteExporter.swift; sourceTree = "<group>"; };
		7A2B0E5022C26A1800F09DA1 /* StepSource.swift */ = {isa = PBXFileReference; fileEncoding = 4; lastKnownFileType = sourcecode.swift; path = StepSource.swift; sourceTree = "<group>"; };
		7A2B0E5222C26A5E00F09DA1 /* SystemOfUnits.swift */ = {isa = PBXFileReference; fileEncoding = 4; lastKnownFileType = sourcecode.swift; path = SystemOfUnits.swift; sourceTree = "<group>"; };
		7A2C783923AD5DDB00DC90A5 /* Base */ = {isa = PBXFileReference; lastKnownFileType = text.plist.stringsdict; name = Base; path = Base.lproj/Localizable.stringsdict; sourceTree = "<group>"; };
		7A2C784023AD5E0100DC90A5 /* Base */ = {isa = PBXFileReference; lastKnownFileType = text.plist.strings; name = Base; path = Base.lproj/Localizable.strings; sourceTree = "<group>"; };
		7A2C784123AD5E3D00DC90A5 /* Base */ = {isa = PBXFileReference; lastKnownFileType = file.storyboard; name = Base; path = Base.lproj/Main.storyboard; sourceTree = "<group>"; };
		7A5E997A23B88F4500691185 /* MBLibrary.xcodeproj */ = {isa = PBXFileReference; lastKnownFileType = "wrapper.pb-project"; name = MBLibrary.xcodeproj; path = ../MBLibrary/MBLibrary.xcodeproj; sourceTree = "<group>"; };
		7A5E999923B892E300691185 /* Info.plist */ = {isa = PBXFileReference; fileEncoding = 4; lastKnownFileType = text.plist.xml; path = Info.plist; sourceTree = "<group>"; };
		7A5E999C23B892F800691185 /* fr */ = {isa = PBXFileReference; lastKnownFileType = text.plist.strings; name = fr; path = fr.lproj/InfoPlist.strings; sourceTree = "<group>"; };
		7A650AFD22C1300100059687 /* Workout.app */ = {isa = PBXFileReference; explicitFileType = wrapper.application; includeInIndex = 0; path = Workout.app; sourceTree = BUILT_PRODUCTS_DIR; };
		7A650B0022C1300100059687 /* AppDelegate.swift */ = {isa = PBXFileReference; lastKnownFileType = sourcecode.swift; path = AppDelegate.swift; sourceTree = "<group>"; };
		7A650B0222C1300100059687 /* SceneDelegate.swift */ = {isa = PBXFileReference; lastKnownFileType = sourcecode.swift; path = SceneDelegate.swift; sourceTree = "<group>"; };
		7A650B0922C1300500059687 /* Assets.xcassets */ = {isa = PBXFileReference; lastKnownFileType = folder.assetcatalog; path = Assets.xcassets; sourceTree = "<group>"; };
		7A650B1422C1307200059687 /* Workout.entitlements */ = {isa = PBXFileReference; lastKnownFileType = text.plist.entitlements; path = Workout.entitlements; sourceTree = "<group>"; };
		7A650B1622C1307200059687 /* HealthKit.framework */ = {isa = PBXFileReference; lastKnownFileType = wrapper.framework; name = HealthKit.framework; path = System/Library/Frameworks/HealthKit.framework; sourceTree = SDKROOT; };
		7A650B3522C1330A00059687 /* StoreKit.framework */ = {isa = PBXFileReference; lastKnownFileType = wrapper.framework; name = StoreKit.framework; path = System/Library/Frameworks/StoreKit.framework; sourceTree = SDKROOT; };
		7A650B3E22C1353E00059687 /* RunningHeartZones.swift */ = {isa = PBXFileReference; fileEncoding = 4; lastKnownFileType = sourcecode.swift; path = RunningHeartZones.swift; sourceTree = "<group>"; };
		7A650B3F22C1353F00059687 /* DataPoint.swift */ = {isa = PBXFileReference; fileEncoding = 4; lastKnownFileType = sourcecode.swift; path = DataPoint.swift; sourceTree = "<group>"; };
		7A650B4022C1353F00059687 /* RunningWorkout.swift */ = {isa = PBXFileReference; fileEncoding = 4; lastKnownFileType = sourcecode.swift; path = RunningWorkout.swift; sourceTree = "<group>"; };
		7A650B4122C1353F00059687 /* Main.swift */ = {isa = PBXFileReference; fileEncoding = 4; lastKnownFileType = sourcecode.swift; path = Main.swift; sourceTree = "<group>"; };
		7A650B4222C1353F00059687 /* UnitsTVC.swift */ = {isa = PBXFileReference; fileEncoding = 4; lastKnownFileType = sourcecode.swift; path = UnitsTVC.swift; sourceTree = "<group>"; };
		7A650B4322C1353F00059687 /* WorkoutTVC.swift */ = {isa = PBXFileReference; fileEncoding = 4; lastKnownFileType = sourcecode.swift; path = WorkoutTVC.swift; sourceTree = "<group>"; };
		7A650B4422C1354000059687 /* RunningHeartZonesTVC.swift */ = {isa = PBXFileReference; fileEncoding = 4; lastKnownFileType = sourcecode.swift; path = RunningHeartZonesTVC.swift; sourceTree = "<group>"; };
		7A650B4522C1354000059687 /* StepSourceTVC.swift */ = {isa = PBXFileReference; fileEncoding = 4; lastKnownFileType = sourcecode.swift; path = StepSourceTVC.swift; sourceTree = "<group>"; };
		7A650B4722C1354000059687 /* WorkoutMinute.swift */ = {isa = PBXFileReference; fileEncoding = 4; lastKnownFileType = sourcecode.swift; path = WorkoutMinute.swift; sourceTree = "<group>"; };
		7A650B4822C1354000059687 /* WorkoutSegment.swift */ = {isa = PBXFileReference; fileEncoding = 4; lastKnownFileType = sourcecode.swift; path = WorkoutSegment.swift; sourceTree = "<group>"; };
		7A650B4922C1354100059687 /* WorkoutDataQuery.swift */ = {isa = PBXFileReference; fileEncoding = 4; lastKnownFileType = sourcecode.swift; path = WorkoutDataQuery.swift; sourceTree = "<group>"; };
		7A650B4B22C1354100059687 /* FilterListTVC.swift */ = {isa = PBXFileReference; fileEncoding = 4; lastKnownFileType = sourcecode.swift; path = FilterListTVC.swift; sourceTree = "<group>"; };
		7A650B4C22C1354100059687 /* Workout.swift */ = {isa = PBXFileReference; fileEncoding = 4; lastKnownFileType = sourcecode.swift; path = Workout.swift; sourceTree = "<group>"; };
		7A650B4D22C1354200059687 /* ListTVC.swift */ = {isa = PBXFileReference; fileEncoding = 4; lastKnownFileType = sourcecode.swift; path = ListTVC.swift; sourceTree = "<group>"; };
		7A650B4E22C1354200059687 /* AboutVC.swift */ = {isa = PBXFileReference; fileEncoding = 4; lastKnownFileType = sourcecode.swift; path = AboutVC.swift; sourceTree = "<group>"; };
		7A650B4F22C1354200059687 /* AdditionalDataProvider.swift */ = {isa = PBXFileReference; fileEncoding = 4; lastKnownFileType = sourcecode.swift; path = AdditionalDataProvider.swift; sourceTree = "<group>"; };
		7A650B5022C1354200059687 /* WorkoutDetail.swift */ = {isa = PBXFileReference; fileEncoding = 4; lastKnownFileType = sourcecode.swift; path = WorkoutDetail.swift; sourceTree = "<group>"; };
		7A650B5122C1354300059687 /* WorkoutMinuteTVCell.swift */ = {isa = PBXFileReference; fileEncoding = 4; lastKnownFileType = sourcecode.swift; path = WorkoutMinuteTVCell.swift; sourceTree = "<group>"; };
		7A650B5322C1354300059687 /* LoadMoreCell.swift */ = {isa = PBXFileReference; fileEncoding = 4; lastKnownFileType = sourcecode.swift; path = LoadMoreCell.swift; sourceTree = "<group>"; };
		7A650B5422C1354300059687 /* SwimmingWorkout.swift */ = {isa = PBXFileReference; fileEncoding = 4; lastKnownFileType = sourcecode.swift; path = SwimmingWorkout.swift; sourceTree = "<group>"; };
		7A650B5522C1354400059687 /* MinuteByMinuteBreakdown.swift */ = {isa = PBXFileReference; fileEncoding = 4; lastKnownFileType = sourcecode.swift; path = MinuteByMinuteBreakdown.swift; sourceTree = "<group>"; };
		7A650B5722C1354400059687 /* WorkoutUnit.swift */ = {isa = PBXFileReference; fileEncoding = 4; lastKnownFileType = sourcecode.swift; path = WorkoutUnit.swift; sourceTree = "<group>"; };
		7A650B5822C1354500059687 /* AdditionalDataProcessor.swift */ = {isa = PBXFileReference; fileEncoding = 4; lastKnownFileType = sourcecode.swift; path = AdditionalDataProcessor.swift; sourceTree = "<group>"; };
		7A714AA622D0D90B00AB7DD0 /* AdsManager.swift */ = {isa = PBXFileReference; lastKnownFileType = sourcecode.swift; path = AdsManager.swift; sourceTree = "<group>"; };
		7A7170FB2365B355005A3314 /* WorkoutHelper.app */ = {isa = PBXFileReference; explicitFileType = wrapper.application; includeInIndex = 0; path = WorkoutHelper.app; sourceTree = BUILT_PRODUCTS_DIR; };
		7A7170FD2365B355005A3314 /* AppDelegate.swift */ = {isa = PBXFileReference; lastKnownFileType = sourcecode.swift; path = AppDelegate.swift; sourceTree = "<group>"; };
		7A7170FF2365B355005A3314 /* SceneDelegate.swift */ = {isa = PBXFileReference; lastKnownFileType = sourcecode.swift; path = SceneDelegate.swift; sourceTree = "<group>"; };
		7A7171012365B355005A3314 /* ContentView.swift */ = {isa = PBXFileReference; lastKnownFileType = sourcecode.swift; path = ContentView.swift; sourceTree = "<group>"; };
		7A7171032365B35C005A3314 /* Assets.xcassets */ = {isa = PBXFileReference; lastKnownFileType = folder.assetcatalog; path = Assets.xcassets; sourceTree = "<group>"; };
		7A7171062365B35C005A3314 /* Preview Assets.xcassets */ = {isa = PBXFileReference; lastKnownFileType = folder.assetcatalog; path = "Preview Assets.xcassets"; sourceTree = "<group>"; };
		7A71710B2365B35C005A3314 /* Info.plist */ = {isa = PBXFileReference; lastKnownFileType = text.plist.xml; path = Info.plist; sourceTree = "<group>"; };
		7A7171152365B36E005A3314 /* WorkoutHelper.entitlements */ = {isa = PBXFileReference; lastKnownFileType = text.plist.entitlements; path = WorkoutHelper.entitlements; sourceTree = "<group>"; };
		7A79C89B23AD0F9C007DEC07 /* WorkoutRoute.swift */ = {isa = PBXFileReference; lastKnownFileType = sourcecode.swift; path = WorkoutRoute.swift; sourceTree = "<group>"; };
		7A79C8A423AD17D3007DEC07 /* AdditionalDataManager.swift */ = {isa = PBXFileReference; lastKnownFileType = sourcecode.swift; path = AdditionalDataManager.swift; sourceTree = "<group>"; };
		7A79C8A623AD182C007DEC07 /* AdditionalDataExtractor.swift */ = {isa = PBXFileReference; lastKnownFileType = sourcecode.swift; path = AdditionalDataExtractor.swift; sourceTree = "<group>"; };
		7A79C8A923AD2B74007DEC07 /* WorkoutRouteTVCell.swift */ = {isa = PBXFileReference; lastKnownFileType = sourcecode.swift; path = WorkoutRouteTVCell.swift; sourceTree = "<group>"; };
		7A9BF6CB22CA233900EC1D95 /* Extensions.swift */ = {isa = PBXFileReference; lastKnownFileType = sourcecode.swift; path = Extensions.swift; sourceTree = "<group>"; };
		7A9BF6D322CA317600EC1D95 /* FilterCells.swift */ = {isa = PBXFileReference; lastKnownFileType = sourcecode.swift; path = FilterCells.swift; sourceTree = "<group>"; };
		7AB7CD8122C4D774001A0171 /* WorkoutCore.framework */ = {isa = PBXFileReference; explicitFileType = wrapper.framework; includeInIndex = 0; path = WorkoutCore.framework; sourceTree = BUILT_PRODUCTS_DIR; };
		7AB7CD8322C4D774001A0171 /* Workout_Core.h */ = {isa = PBXFileReference; lastKnownFileType = sourcecode.c.h; path = Workout_Core.h; sourceTree = "<group>"; };
		7AB7CD8422C4D774001A0171 /* Info.plist */ = {isa = PBXFileReference; lastKnownFileType = text.plist.xml; path = Info.plist; sourceTree = "<group>"; };
		7AB7CDA722C4DB89001A0171 /* Constants.swift */ = {isa = PBXFileReference; lastKnownFileType = sourcecode.swift; path = Constants.swift; sourceTree = "<group>"; };
		7AD7D8E222C2B0600092480A /* WorkoutList.swift */ = {isa = PBXFileReference; fileEncoding = 4; lastKnownFileType = sourcecode.swift; path = WorkoutList.swift; sourceTree = "<group>"; };
		7AD7D8EB22C2B0A40092480A /* Health.swift */ = {isa = PBXFileReference; fileEncoding = 4; lastKnownFileType = sourcecode.swift; path = Health.swift; sourceTree = "<group>"; };
		7AD7D8EE22C2B0D00092480A /* Preferences.swift */ = {isa = PBXFileReference; fileEncoding = 4; lastKnownFileType = sourcecode.swift; path = Preferences.swift; sourceTree = "<group>"; };
		7AD7D8FB22C2BC5E0092480A /* Extensions.swift */ = {isa = PBXFileReference; fileEncoding = 4; lastKnownFileType = sourcecode.swift; path = Extensions.swift; sourceTree = "<group>"; };
		7AD7D8FC22C2BC5E0092480A /* Formatters.swift */ = {isa = PBXFileReference; fileEncoding = 4; lastKnownFileType = sourcecode.swift; path = Formatters.swift; sourceTree = "<group>"; };
		7AE6A94122E793E600D2ED88 /* WorkoutGeneralDataCell.swift */ = {isa = PBXFileReference; lastKnownFileType = sourcecode.swift; path = WorkoutGeneralDataCell.swift; sourceTree = "<group>"; };
		A91EF3720C9C955433E15722 /* Pods-Workout Core.debug.xcconfig */ = {isa = PBXFileReference; includeInIndex = 1; lastKnownFileType = text.xcconfig; name = "Pods-Workout Core.debug.xcconfig"; path = "Pods/Target Support Files/Pods-Workout Core/Pods-Workout Core.debug.xcconfig"; sourceTree = "<group>"; };
		D16061966C93D1ABFEF82786 /* Pods_Workout_Core.framework */ = {isa = PBXFileReference; explicitFileType = wrapper.framework; includeInIndex = 0; path = Pods_Workout_Core.framework; sourceTree = BUILT_PRODUCTS_DIR; };
/* End PBXFileReference section */

/* Begin PBXFrameworksBuildPhase section */
		7A650AFA22C1300100059687 /* Frameworks */ = {
			isa = PBXFrameworksBuildPhase;
			buildActionMask = 2147483647;
			files = (
				7A650B1722C1307200059687 /* HealthKit.framework in Frameworks */,
				7A45CBB523BEA2DB006424B4 /* MBHealth.framework in Frameworks */,
				7A5E99A323B8965900691185 /* MBLibrary.framework in Frameworks */,
				7A650B3622C1330A00059687 /* StoreKit.framework in Frameworks */,
				6FDD7897C9603553538BAE3D /* Pods_Workout.framework in Frameworks */,
				7AB7CD8822C4D774001A0171 /* WorkoutCore.framework in Frameworks */,
			);
			runOnlyForDeploymentPostprocessing = 0;
		};
		7A7170F82365B355005A3314 /* Frameworks */ = {
			isa = PBXFrameworksBuildPhase;
			buildActionMask = 2147483647;
			files = (
				7A7171162365B36E005A3314 /* HealthKit.framework in Frameworks */,
			);
			runOnlyForDeploymentPostprocessing = 0;
		};
		7AB7CD7E22C4D774001A0171 /* Frameworks */ = {
			isa = PBXFrameworksBuildPhase;
			buildActionMask = 2147483647;
			files = (
				7A5E99A123B895B900691185 /* MBHealth.framework in Frameworks */,
				7A5E999E23B8956E00691185 /* MBLibrary.framework in Frameworks */,
				FEBC70160AA4711455BAEE49 /* Pods_Workout_Core.framework in Frameworks */,
			);
			runOnlyForDeploymentPostprocessing = 0;
		};
/* End PBXFrameworksBuildPhase section */

/* Begin PBXGroup section */
		7A1F8CC323AFC268008EA2E9 /* MinuteByMinuteBreakdown */ = {
			isa = PBXGroup;
			children = (
				7A650B3F22C1353F00059687 /* DataPoint.swift */,
				7A650B5022C1354200059687 /* WorkoutDetail.swift */,
				7A650B4722C1354000059687 /* WorkoutMinute.swift */,
				7A650B4822C1354000059687 /* WorkoutSegment.swift */,
			);
			path = MinuteByMinuteBreakdown;
			sourceTree = "<group>";
		};
		7A1F8CC423AFC27B008EA2E9 /* Route */ = {
			isa = PBXGroup;
			children = (
				7A1F8CC523AFC294008EA2E9 /* WorkoutRouteExporter.swift */,
				7A1F8CC723AFC358008EA2E9 /* CSVWorkoutRouteExporter.swift */,
				7A1F8CC923AFC374008EA2E9 /* GPXWorkoutRouteExporter.swift */,
			);
			path = Route;
			sourceTree = "<group>";
		};
		7A2B0E4422C268DF00F09DA1 /* Model */ = {
			isa = PBXGroup;
			children = (
				7A2B0E4F22C269DF00F09DA1 /* Support */,
				7A2B0E4E22C269D900F09DA1 /* Workout */,
				7AD7D8EB22C2B0A40092480A /* Health.swift */,
				7AD7D8EE22C2B0D00092480A /* Preferences.swift */,
				7A714AA622D0D90B00AB7DD0 /* AdsManager.swift */,
				7AD7D8E222C2B0600092480A /* WorkoutList.swift */,
				7A1CE14022C7649200414497 /* WorkoutBulkExporter.swift */,
			);
			path = Model;
			sourceTree = "<group>";
		};
		7A2B0E4B22C268E500F09DA1 /* Controller */ = {
			isa = PBXGroup;
			children = (
				7A650B4D22C1354200059687 /* ListTVC.swift */,
				7A650B4B22C1354100059687 /* FilterListTVC.swift */,
				7A650B4322C1353F00059687 /* WorkoutTVC.swift */,
				7A2B0E4D22C269AE00F09DA1 /* Settings */,
			);
			path = Controller;
			sourceTree = "<group>";
		};
		7A2B0E4C22C268EF00F09DA1 /* View */ = {
			isa = PBXGroup;
			children = (
				7AA121E622C1370D0063E0F3 /* LaunchScreen.storyboard */,
				7AA121E922C137250063E0F3 /* Main.storyboard */,
				7A650B5322C1354300059687 /* LoadMoreCell.swift */,
				7A9BF6D322CA317600EC1D95 /* FilterCells.swift */,
				7AE6A94122E793E600D2ED88 /* WorkoutGeneralDataCell.swift */,
			);
			path = View;
			sourceTree = "<group>";
		};
		7A2B0E4D22C269AE00F09DA1 /* Settings */ = {
			isa = PBXGroup;
			children = (
				7A650B4E22C1354200059687 /* AboutVC.swift */,
				7A650B4222C1353F00059687 /* UnitsTVC.swift */,
				7A650B4522C1354000059687 /* StepSourceTVC.swift */,
				7A650B4422C1354000059687 /* RunningHeartZonesTVC.swift */,
				7A1F8CC123AF5610008EA2E9 /* RouteTypeTVC.swift */,
			);
			path = Settings;
			sourceTree = "<group>";
		};
		7A2B0E4E22C269D900F09DA1 /* Workout */ = {
			isa = PBXGroup;
			children = (
				7A2B0E5522C26AD300F09DA1 /* Workout Types */,
				7A2B0E5422C26ACB00F09DA1 /* Additional Data */,
				7A650B4C22C1354100059687 /* Workout.swift */,
				7A650B4922C1354100059687 /* WorkoutDataQuery.swift */,
			);
			path = Workout;
			sourceTree = "<group>";
		};
		7A2B0E4F22C269DF00F09DA1 /* Support */ = {
			isa = PBXGroup;
			children = (
				7A2B0E5022C26A1800F09DA1 /* StepSource.swift */,
				7A2B0E5222C26A5E00F09DA1 /* SystemOfUnits.swift */,
				7A650B5722C1354400059687 /* WorkoutUnit.swift */,
				7A1F8CB923AF53E1008EA2E9 /* RouteType.swift */,
			);
			path = Support;
			sourceTree = "<group>";
		};
		7A2B0E5422C26ACB00F09DA1 /* Additional Data */ = {
			isa = PBXGroup;
			children = (
				7A2B0E5622C26AF500F09DA1 /* Support */,
				7A79C8A423AD17D3007DEC07 /* AdditionalDataManager.swift */,
				7A650B5822C1354500059687 /* AdditionalDataProcessor.swift */,
				7A79C8A623AD182C007DEC07 /* AdditionalDataExtractor.swift */,
				7A650B4F22C1354200059687 /* AdditionalDataProvider.swift */,
				7A650B5522C1354400059687 /* MinuteByMinuteBreakdown.swift */,
				7A650B3E22C1353E00059687 /* RunningHeartZones.swift */,
				7A79C89B23AD0F9C007DEC07 /* WorkoutRoute.swift */,
			);
			path = "Additional Data";
			sourceTree = "<group>";
		};
		7A2B0E5522C26AD300F09DA1 /* Workout Types */ = {
			isa = PBXGroup;
			children = (
				7A650B4022C1353F00059687 /* RunningWorkout.swift */,
				7A650B5422C1354300059687 /* SwimmingWorkout.swift */,
				7A09205822EB8BA900EC86A6 /* CyclingWorkout.swift */,
			);
			path = "Workout Types";
			sourceTree = "<group>";
		};
		7A2B0E5622C26AF500F09DA1 /* Support */ = {
			isa = PBXGroup;
			children = (
				7A1F8CC423AFC27B008EA2E9 /* Route */,
				7A1F8CC323AFC268008EA2E9 /* MinuteByMinuteBreakdown */,
			);
			path = Support;
			sourceTree = "<group>";
		};
		7A5E997B23B88F4500691185 /* Products */ = {
			isa = PBXGroup;
			children = (
				7A5E998423B88F4600691185 /* MBLibrary.framework */,
				7A5E998623B88F4600691185 /* MBLibrary.framework */,
				7A5E998823B88F4600691185 /* MBLibrary.framework */,
				7A5E998A23B88F4600691185 /* MBHealth.framework */,
				7A5E998C23B88F4600691185 /* MBHealth.framework */,
				7A5E998E23B88F4600691185 /* MBLibraryTests.xctest */,
			);
			name = Products;
			sourceTree = "<group>";
		};
		7A650AF422C1300000059687 = {
			isa = PBXGroup;
			children = (
				7A5E997A23B88F4500691185 /* MBLibrary.xcodeproj */,
				7AB7CD8222C4D774001A0171 /* Workout Core */,
				7A650AFF22C1300100059687 /* Workout */,
				7A7170FC2365B355005A3314 /* WorkoutHelper */,
				7A650AFE22C1300100059687 /* Products */,
				7A650B1522C1307200059687 /* Frameworks */,
				A120C71C422EB50006948EBF /* Pods */,
			);
			sourceTree = "<group>";
		};
		7A650AFE22C1300100059687 /* Products */ = {
			isa = PBXGroup;
			children = (
				7A650AFD22C1300100059687 /* Workout.app */,
				7AB7CD8122C4D774001A0171 /* WorkoutCore.framework */,
				7A7170FB2365B355005A3314 /* WorkoutHelper.app */,
			);
			name = Products;
			sourceTree = "<group>";
		};
		7A650AFF22C1300100059687 /* Workout */ = {
			isa = PBXGroup;
			children = (
				7A650B4122C1353F00059687 /* Main.swift */,
				7AD7D8F922C2BC5E0092480A /* Support */,
				7A2B0E4B22C268E500F09DA1 /* Controller */,
				7A2B0E4C22C268EF00F09DA1 /* View */,
				7AA121EC22C1373B0063E0F3 /* Localizable.strings */,
				7AA121EE22C1373C0063E0F3 /* Localizable.stringsdict */,
				7A650B0022C1300100059687 /* AppDelegate.swift */,
				7A650B0222C1300100059687 /* SceneDelegate.swift */,
				7A650B0922C1300500059687 /* Assets.xcassets */,
				7A650B1822C1308200059687 /* Supporting Files */,
			);
			path = Workout;
			sourceTree = "<group>";
		};
		7A650B1522C1307200059687 /* Frameworks */ = {
			isa = PBXGroup;
			children = (
				7A650B3522C1330A00059687 /* StoreKit.framework */,
				7A650B1622C1307200059687 /* HealthKit.framework */,
				36DFDE010077F29DA04CBBB5 /* Pods_Workout.framework */,
				D16061966C93D1ABFEF82786 /* Pods_Workout_Core.framework */,
			);
			name = Frameworks;
			sourceTree = "<group>";
		};
		7A650B1822C1308200059687 /* Supporting Files */ = {
			isa = PBXGroup;
			children = (
				7A5E999923B892E300691185 /* Info.plist */,
				7A5E999B23B892F800691185 /* InfoPlist.strings */,
				7A650B1422C1307200059687 /* Workout.entitlements */,
			);
			name = "Supporting Files";
			sourceTree = "<group>";
		};
		7A7170FC2365B355005A3314 /* WorkoutHelper */ = {
			isa = PBXGroup;
			children = (
				7A7171152365B36E005A3314 /* WorkoutHelper.entitlements */,
				7A7170FD2365B355005A3314 /* AppDelegate.swift */,
				7A7170FF2365B355005A3314 /* SceneDelegate.swift */,
				7A7171012365B355005A3314 /* ContentView.swift */,
				7A7171032365B35C005A3314 /* Assets.xcassets */,
				7A7171082365B35C005A3314 /* LaunchScreen.storyboard */,
				7A71710B2365B35C005A3314 /* Info.plist */,
				7A7171052365B35C005A3314 /* Preview Content */,
			);
			path = WorkoutHelper;
			sourceTree = "<group>";
		};
		7A7171052365B35C005A3314 /* Preview Content */ = {
			isa = PBXGroup;
			children = (
				7A7171062365B35C005A3314 /* Preview Assets.xcassets */,
			);
			path = "Preview Content";
			sourceTree = "<group>";
		};
		7AB7CD8222C4D774001A0171 /* Workout Core */ = {
			isa = PBXGroup;
			children = (
				7AB7CDA622C4DB71001A0171 /* Support */,
				7A2B0E4422C268DF00F09DA1 /* Model */,
				7AB7CDAD22C4DD25001A0171 /* View */,
				7AB7CD9322C4D9D6001A0171 /* Supporting Files */,
			);
			path = "Workout Core";
			sourceTree = "<group>";
		};
		7AB7CD9322C4D9D6001A0171 /* Supporting Files */ = {
			isa = PBXGroup;
			children = (
				7AB7CD8322C4D774001A0171 /* Workout_Core.h */,
				7AB7CD8422C4D774001A0171 /* Info.plist */,
			);
			name = "Supporting Files";
			sourceTree = "<group>";
		};
		7AB7CDA622C4DB71001A0171 /* Support */ = {
			isa = PBXGroup;
			children = (
				7AB7CDA722C4DB89001A0171 /* Constants.swift */,
				7AD7D8FB22C2BC5E0092480A /* Extensions.swift */,
				7AD7D8FC22C2BC5E0092480A /* Formatters.swift */,
			);
			path = Support;
			sourceTree = "<group>";
		};
		7AB7CDAD22C4DD25001A0171 /* View */ = {
			isa = PBXGroup;
			children = (
				7A650B5122C1354300059687 /* WorkoutMinuteTVCell.swift */,
				7A79C8A923AD2B74007DEC07 /* WorkoutRouteTVCell.swift */,
			);
			path = View;
			sourceTree = "<group>";
		};
		7AD7D8F922C2BC5E0092480A /* Support */ = {
			isa = PBXGroup;
			children = (
				7A9BF6CB22CA233900EC1D95 /* Extensions.swift */,
			);
			path = Support;
			sourceTree = "<group>";
		};
		A120C71C422EB50006948EBF /* Pods */ = {
			isa = PBXGroup;
			children = (
				5D5FDF6B281BD8F3FEE5AC5C /* Pods-Workout.debug.xcconfig */,
				15DCB1062DF12CD614F251B6 /* Pods-Workout.release.xcconfig */,
				A91EF3720C9C955433E15722 /* Pods-Workout Core.debug.xcconfig */,
				5CDCD9A647ADAC5D3651BE69 /* Pods-Workout Core.release.xcconfig */,
			);
			name = Pods;
			sourceTree = "<group>";
		};
/* End PBXGroup section */

/* Begin PBXHeadersBuildPhase section */
		7AB7CD7C22C4D774001A0171 /* Headers */ = {
			isa = PBXHeadersBuildPhase;
			buildActionMask = 2147483647;
			files = (
				7AB7CD8522C4D774001A0171 /* Workout_Core.h in Headers */,
			);
			runOnlyForDeploymentPostprocessing = 0;
		};
/* End PBXHeadersBuildPhase section */

/* Begin PBXNativeTarget section */
		7A650AFC22C1300100059687 /* Workout */ = {
			isa = PBXNativeTarget;
			buildConfigurationList = 7A650B1122C1300500059687 /* Build configuration list for PBXNativeTarget "Workout" */;
			buildPhases = (
				E9803F817E234CE4A53DBE16 /* [CP] Check Pods Manifest.lock */,
				7A650AF922C1300100059687 /* Sources */,
				7A650AFA22C1300100059687 /* Frameworks */,
				7A650AFB22C1300100059687 /* Resources */,
				7A650B3222C132EE00059687 /* Embed Frameworks */,
				1401AD764FFF553E16FDE539 /* [CP] Embed Pods Frameworks */,
			);
			buildRules = (
			);
			dependencies = (
				7AB7CD8722C4D774001A0171 /* PBXTargetDependency */,
			);
			name = Workout;
			productName = Workout;
			productReference = 7A650AFD22C1300100059687 /* Workout.app */;
			productType = "com.apple.product-type.application";
		};
		7A7170FA2365B355005A3314 /* WorkoutHelper */ = {
			isa = PBXNativeTarget;
			buildConfigurationList = 7A7171142365B35C005A3314 /* Build configuration list for PBXNativeTarget "WorkoutHelper" */;
			buildPhases = (
				7A7170F72365B355005A3314 /* Sources */,
				7A7170F82365B355005A3314 /* Frameworks */,
				7A7170F92365B355005A3314 /* Resources */,
			);
			buildRules = (
			);
			dependencies = (
			);
			name = WorkoutHelper;
			productName = WorkoutHelper;
			productReference = 7A7170FB2365B355005A3314 /* WorkoutHelper.app */;
			productType = "com.apple.product-type.application";
		};
		7AB7CD8022C4D774001A0171 /* Workout Core */ = {
			isa = PBXNativeTarget;
			buildConfigurationList = 7AB7CD9222C4D774001A0171 /* Build configuration list for PBXNativeTarget "Workout Core" */;
			buildPhases = (
				59A7A19019E11BBC8C1F4649 /* [CP] Check Pods Manifest.lock */,
				7AB7CD7C22C4D774001A0171 /* Headers */,
				7AB7CD7D22C4D774001A0171 /* Sources */,
				7AB7CD7E22C4D774001A0171 /* Frameworks */,
				7AB7CD7F22C4D774001A0171 /* Resources */,
			);
			buildRules = (
			);
			dependencies = (
			);
			name = "Workout Core";
			productName = "Workout Core";
			productReference = 7AB7CD8122C4D774001A0171 /* WorkoutCore.framework */;
			productType = "com.apple.product-type.framework";
		};
/* End PBXNativeTarget section */

/* Begin PBXProject section */
		7A650AF522C1300000059687 /* Project object */ = {
			isa = PBXProject;
			attributes = {
				LastSwiftUpdateCheck = 1110;
				LastUpgradeCheck = 1200;
				ORGANIZATIONNAME = "Marco Boschi";
				TargetAttributes = {
					7A650AFC22C1300100059687 = {
						CreatedOnToolsVersion = 11.0;
					};
					7A7170FA2365B355005A3314 = {
						CreatedOnToolsVersion = 11.1;
					};
					7AB7CD8022C4D774001A0171 = {
						CreatedOnToolsVersion = 11.0;
					};
				};
			};
			buildConfigurationList = 7A650AF822C1300000059687 /* Build configuration list for PBXProject "Workout" */;
			compatibilityVersion = "Xcode 9.3";
			developmentRegion = en;
			hasScannedForEncodings = 0;
			knownRegions = (
				en,
				Base,
				fr,
			);
			mainGroup = 7A650AF422C1300000059687;
			productRefGroup = 7A650AFE22C1300100059687 /* Products */;
			projectDirPath = "";
			projectReferences = (
				{
					ProductGroup = 7A5E997B23B88F4500691185 /* Products */;
					ProjectRef = 7A5E997A23B88F4500691185 /* MBLibrary.xcodeproj */;
				},
			);
			projectRoot = "";
			targets = (
				7A650AFC22C1300100059687 /* Workout */,
				7AB7CD8022C4D774001A0171 /* Workout Core */,
				7A7170FA2365B355005A3314 /* WorkoutHelper */,
			);
		};
/* End PBXProject section */

/* Begin PBXReferenceProxy section */
		7A5E998423B88F4600691185 /* MBLibrary.framework */ = {
			isa = PBXReferenceProxy;
			fileType = wrapper.framework;
			path = MBLibrary.framework;
			remoteRef = 7A5E998323B88F4600691185 /* PBXContainerItemProxy */;
			sourceTree = BUILT_PRODUCTS_DIR;
		};
		7A5E998623B88F4600691185 /* MBLibrary.framework */ = {
			isa = PBXReferenceProxy;
			fileType = wrapper.framework;
			path = MBLibrary.framework;
			remoteRef = 7A5E998523B88F4600691185 /* PBXContainerItemProxy */;
			sourceTree = BUILT_PRODUCTS_DIR;
		};
		7A5E998823B88F4600691185 /* MBLibrary.framework */ = {
			isa = PBXReferenceProxy;
			fileType = wrapper.framework;
			path = MBLibrary.framework;
			remoteRef = 7A5E998723B88F4600691185 /* PBXContainerItemProxy */;
			sourceTree = BUILT_PRODUCTS_DIR;
		};
		7A5E998A23B88F4600691185 /* MBHealth.framework */ = {
			isa = PBXReferenceProxy;
			fileType = wrapper.framework;
			path = MBHealth.framework;
			remoteRef = 7A5E998923B88F4600691185 /* PBXContainerItemProxy */;
			sourceTree = BUILT_PRODUCTS_DIR;
		};
		7A5E998C23B88F4600691185 /* MBHealth.framework */ = {
			isa = PBXReferenceProxy;
			fileType = wrapper.framework;
			path = MBHealth.framework;
			remoteRef = 7A5E998B23B88F4600691185 /* PBXContainerItemProxy */;
			sourceTree = BUILT_PRODUCTS_DIR;
		};
		7A5E998E23B88F4600691185 /* MBLibraryTests.xctest */ = {
			isa = PBXReferenceProxy;
			fileType = wrapper.cfbundle;
			path = MBLibraryTests.xctest;
			remoteRef = 7A5E998D23B88F4600691185 /* PBXContainerItemProxy */;
			sourceTree = BUILT_PRODUCTS_DIR;
		};
/* End PBXReferenceProxy section */

/* Begin PBXResourcesBuildPhase section */
		7A650AFB22C1300100059687 /* Resources */ = {
			isa = PBXResourcesBuildPhase;
			buildActionMask = 2147483647;
			files = (
				7AA121F022C1373C0063E0F3 /* Localizable.strings in Resources */,
				7A5E999D23B892F900691185 /* InfoPlist.strings in Resources */,
				7AA121E822C1370D0063E0F3 /* LaunchScreen.storyboard in Resources */,
				7A650B0A22C1300500059687 /* Assets.xcassets in Resources */,
				7AA121EB22C137260063E0F3 /* Main.storyboard in Resources */,
				7AA121F122C1373C0063E0F3 /* Localizable.stringsdict in Resources */,
			);
			runOnlyForDeploymentPostprocessing = 0;
		};
		7A7170F92365B355005A3314 /* Resources */ = {
			isa = PBXResourcesBuildPhase;
			buildActionMask = 2147483647;
			files = (
				7A71710A2365B35C005A3314 /* LaunchScreen.storyboard in Resources */,
				7A7171072365B35C005A3314 /* Preview Assets.xcassets in Resources */,
				7A7171042365B35C005A3314 /* Assets.xcassets in Resources */,
			);
			runOnlyForDeploymentPostprocessing = 0;
		};
		7AB7CD7F22C4D774001A0171 /* Resources */ = {
			isa = PBXResourcesBuildPhase;
			buildActionMask = 2147483647;
			files = (
				7A79B1E222DB205800106F14 /* Localizable.strings in Resources */,
				7A79B1E322DB205800106F14 /* Localizable.stringsdict in Resources */,
			);
			runOnlyForDeploymentPostprocessing = 0;
		};
/* End PBXResourcesBuildPhase section */

/* Begin PBXShellScriptBuildPhase section */
		1401AD764FFF553E16FDE539 /* [CP] Embed Pods Frameworks */ = {
			isa = PBXShellScriptBuildPhase;
			buildActionMask = 2147483647;
			files = (
			);
			inputFileListPaths = (
				"${PODS_ROOT}/Target Support Files/Pods-Workout/Pods-Workout-frameworks-${CONFIGURATION}-input-files.xcfilelist",
			);
			name = "[CP] Embed Pods Frameworks";
			outputFileListPaths = (
				"${PODS_ROOT}/Target Support Files/Pods-Workout/Pods-Workout-frameworks-${CONFIGURATION}-output-files.xcfilelist",
			);
			runOnlyForDeploymentPostprocessing = 0;
			shellPath = /bin/sh;
			shellScript = "\"${PODS_ROOT}/Target Support Files/Pods-Workout/Pods-Workout-frameworks.sh\"\n";
			showEnvVarsInLog = 0;
		};
		59A7A19019E11BBC8C1F4649 /* [CP] Check Pods Manifest.lock */ = {
			isa = PBXShellScriptBuildPhase;
			buildActionMask = 2147483647;
			files = (
			);
			inputFileListPaths = (
			);
			inputPaths = (
				"${PODS_PODFILE_DIR_PATH}/Podfile.lock",
				"${PODS_ROOT}/Manifest.lock",
			);
			name = "[CP] Check Pods Manifest.lock";
			outputFileListPaths = (
			);
			outputPaths = (
				"$(DERIVED_FILE_DIR)/Pods-Workout Core-checkManifestLockResult.txt",
			);
			runOnlyForDeploymentPostprocessing = 0;
			shellPath = /bin/sh;
			shellScript = "diff \"${PODS_PODFILE_DIR_PATH}/Podfile.lock\" \"${PODS_ROOT}/Manifest.lock\" > /dev/null\nif [ $? != 0 ] ; then\n    # print error to STDERR\n    echo \"error: The sandbox is not in sync with the Podfile.lock. Run 'pod install' or update your CocoaPods installation.\" >&2\n    exit 1\nfi\n# This output is used by Xcode 'outputs' to avoid re-running this script phase.\necho \"SUCCESS\" > \"${SCRIPT_OUTPUT_FILE_0}\"\n";
			showEnvVarsInLog = 0;
		};
		E9803F817E234CE4A53DBE16 /* [CP] Check Pods Manifest.lock */ = {
			isa = PBXShellScriptBuildPhase;
			buildActionMask = 2147483647;
			files = (
			);
			inputFileListPaths = (
			);
			inputPaths = (
				"${PODS_PODFILE_DIR_PATH}/Podfile.lock",
				"${PODS_ROOT}/Manifest.lock",
			);
			name = "[CP] Check Pods Manifest.lock";
			outputFileListPaths = (
			);
			outputPaths = (
				"$(DERIVED_FILE_DIR)/Pods-Workout-checkManifestLockResult.txt",
			);
			runOnlyForDeploymentPostprocessing = 0;
			shellPath = /bin/sh;
			shellScript = "diff \"${PODS_PODFILE_DIR_PATH}/Podfile.lock\" \"${PODS_ROOT}/Manifest.lock\" > /dev/null\nif [ $? != 0 ] ; then\n    # print error to STDERR\n    echo \"error: The sandbox is not in sync with the Podfile.lock. Run 'pod install' or update your CocoaPods installation.\" >&2\n    exit 1\nfi\n# This output is used by Xcode 'outputs' to avoid re-running this script phase.\necho \"SUCCESS\" > \"${SCRIPT_OUTPUT_FILE_0}\"\n";
			showEnvVarsInLog = 0;
		};
/* End PBXShellScriptBuildPhase section */

/* Begin PBXSourcesBuildPhase section */
		7A650AF922C1300100059687 /* Sources */ = {
			isa = PBXSourcesBuildPhase;
			buildActionMask = 2147483647;
			files = (
				7A650B5C22C1354500059687 /* Main.swift in Sources */,
				7A650B6E22C1354500059687 /* LoadMoreCell.swift in Sources */,
				7A650B0122C1300100059687 /* AppDelegate.swift in Sources */,
				7A650B6022C1354500059687 /* StepSourceTVC.swift in Sources */,
				7AE6A94222E793E600D2ED88 /* WorkoutGeneralDataCell.swift in Sources */,
				7A650B5E22C1354500059687 /* WorkoutTVC.swift in Sources */,
				7A650B6822C1354500059687 /* ListTVC.swift in Sources */,
				7A9BF6D422CA317600EC1D95 /* FilterCells.swift in Sources */,
				7A650B5D22C1354500059687 /* UnitsTVC.swift in Sources */,
				7A1F8CC223AF5610008EA2E9 /* RouteTypeTVC.swift in Sources */,
				7A9BF6CC22CA233900EC1D95 /* Extensions.swift in Sources */,
				7A650B6922C1354500059687 /* AboutVC.swift in Sources */,
				7A650B5F22C1354500059687 /* RunningHeartZonesTVC.swift in Sources */,
				7A650B0322C1300100059687 /* SceneDelegate.swift in Sources */,
				7A650B6622C1354500059687 /* FilterListTVC.swift in Sources */,
			);
			runOnlyForDeploymentPostprocessing = 0;
		};
		7A7170F72365B355005A3314 /* Sources */ = {
			isa = PBXSourcesBuildPhase;
			buildActionMask = 2147483647;
			files = (
				7A7170FE2365B355005A3314 /* AppDelegate.swift in Sources */,
				7A7171002365B355005A3314 /* SceneDelegate.swift in Sources */,
				7A7171022365B355005A3314 /* ContentView.swift in Sources */,
			);
			runOnlyForDeploymentPostprocessing = 0;
		};
		7AB7CD7D22C4D774001A0171 /* Sources */ = {
			isa = PBXSourcesBuildPhase;
			buildActionMask = 2147483647;
			files = (
				7AB7CD9E22C4DB1A001A0171 /* AdditionalDataProcessor.swift in Sources */,
				7AB7CDAE22C4DD3D001A0171 /* WorkoutMinuteTVCell.swift in Sources */,
				7AB7CDA822C4DB89001A0171 /* Constants.swift in Sources */,
				7A1F8CCA23AFC374008EA2E9 /* GPXWorkoutRouteExporter.swift in Sources */,
				7A1CE14122C7649200414497 /* WorkoutBulkExporter.swift in Sources */,
				7A79C8AA23AD2B74007DEC07 /* WorkoutRouteTVCell.swift in Sources */,
				7AB7CDA522C4DB20001A0171 /* WorkoutSegment.swift in Sources */,
				7AB7CD9722C4DB06001A0171 /* StepSource.swift in Sources */,
				7A1F8CC823AFC358008EA2E9 /* CSVWorkoutRouteExporter.swift in Sources */,
				7A1F8CBA23AF53E1008EA2E9 /* RouteType.swift in Sources */,
				7AB7CD9622C4DAFF001A0171 /* WorkoutList.swift in Sources */,
				7AB7CD9A22C4DB0D001A0171 /* Workout.swift in Sources */,
				7A1F8CC623AFC294008EA2E9 /* WorkoutRouteExporter.swift in Sources */,
				7A09205922EB8BA900EC86A6 /* CyclingWorkout.swift in Sources */,
				7AB7CDAC22C4DC38001A0171 /* Formatters.swift in Sources */,
				7AB7CDA022C4DB1A001A0171 /* MinuteByMinuteBreakdown.swift in Sources */,
				7A79C8A723AD182C007DEC07 /* AdditionalDataExtractor.swift in Sources */,
				7A79C8A523AD17D3007DEC07 /* AdditionalDataManager.swift in Sources */,
				7AB7CD9C22C4DB14001A0171 /* RunningWorkout.swift in Sources */,
				7AB7CD9F22C4DB1A001A0171 /* AdditionalDataProvider.swift in Sources */,
				7AB7CD9D22C4DB14001A0171 /* SwimmingWorkout.swift in Sources */,
				7AB7CDA122C4DB1A001A0171 /* RunningHeartZones.swift in Sources */,
				7A79C89C23AD0F9C007DEC07 /* WorkoutRoute.swift in Sources */,
				7AB7CDA422C4DB20001A0171 /* WorkoutMinute.swift in Sources */,
				7AB7CD9522C4DAFF001A0171 /* Preferences.swift in Sources */,
				7AB7CD9B22C4DB0D001A0171 /* WorkoutDataQuery.swift in Sources */,
				7AB7CD9922C4DB06001A0171 /* WorkoutUnit.swift in Sources */,
				7AB7CDAB22C4DBB2001A0171 /* Extensions.swift in Sources */,
				7AB7CDA322C4DB20001A0171 /* WorkoutDetail.swift in Sources */,
				7AB7CDA222C4DB20001A0171 /* DataPoint.swift in Sources */,
				7AB7CD9422C4DAFF001A0171 /* Health.swift in Sources */,
				7A714AA722D0D90B00AB7DD0 /* AdsManager.swift in Sources */,
				7AB7CD9822C4DB06001A0171 /* SystemOfUnits.swift in Sources */,
			);
			runOnlyForDeploymentPostprocessing = 0;
		};
/* End PBXSourcesBuildPhase section */

/* Begin PBXTargetDependency section */
		7AB7CD8722C4D774001A0171 /* PBXTargetDependency */ = {
			isa = PBXTargetDependency;
			target = 7AB7CD8022C4D774001A0171 /* Workout Core */;
			targetProxy = 7AB7CD8622C4D774001A0171 /* PBXContainerItemProxy */;
		};
/* End PBXTargetDependency section */

/* Begin PBXVariantGroup section */
		7A5E999B23B892F800691185 /* InfoPlist.strings */ = {
			isa = PBXVariantGroup;
			children = (
				7A5E999C23B892F800691185 /* fr */,
			);
			name = InfoPlist.strings;
			sourceTree = "<group>";
		};
		7A7171082365B35C005A3314 /* LaunchScreen.storyboard */ = {
			isa = PBXVariantGroup;
			children = (
				3BD3437623A998CC00567BD7 /* Base */,
				3BD3437923A998D800567BD7 /* fr */,
			);
			name = LaunchScreen.storyboard;
			sourceTree = "<group>";
		};
		7AA121E622C1370D0063E0F3 /* LaunchScreen.storyboard */ = {
			isa = PBXVariantGroup;
			children = (
				3BD3437423A998CC00567BD7 /* Base */,
			);
			name = LaunchScreen.storyboard;
			sourceTree = "<group>";
		};
		7AA121E922C137250063E0F3 /* Main.storyboard */ = {
			isa = PBXVariantGroup;
			children = (
				3BD3437823A998D800567BD7 /* fr */,
				7A2C784123AD5E3D00DC90A5 /* Base */,
			);
			name = Main.storyboard;
			sourceTree = "<group>";
		};
		7AA121EC22C1373B0063E0F3 /* Localizable.strings */ = {
			isa = PBXVariantGroup;
			children = (
				3BD3437A23A998D900567BD7 /* fr */,
				7A2C784023AD5E0100DC90A5 /* Base */,
			);
			name = Localizable.strings;
			sourceTree = "<group>";
		};
		7AA121EE22C1373C0063E0F3 /* Localizable.stringsdict */ = {
			isa = PBXVariantGroup;
			children = (
				3BD3437B23A998DA00567BD7 /* fr */,
				7A2C783923AD5DDB00DC90A5 /* Base */,
			);
			name = Localizable.stringsdict;
			sourceTree = "<group>";
		};
/* End PBXVariantGroup section */

/* Begin XCBuildConfiguration section */
		7A650B0F22C1300500059687 /* Debug */ = {
			isa = XCBuildConfiguration;
			buildSettings = {
				ALWAYS_SEARCH_USER_PATHS = NO;
				APP_NAME_IDENTIFIER = Workout;
				CLANG_ANALYZER_LOCALIZABILITY_NONLOCALIZED = YES;
				CLANG_ANALYZER_NONNULL = YES;
				CLANG_ANALYZER_NUMBER_OBJECT_CONVERSION = YES_AGGRESSIVE;
				CLANG_CXX_LANGUAGE_STANDARD = "gnu++14";
				CLANG_CXX_LIBRARY = "libc++";
				CLANG_ENABLE_MODULES = YES;
				CLANG_ENABLE_OBJC_ARC = YES;
				CLANG_ENABLE_OBJC_WEAK = YES;
				CLANG_WARN_BLOCK_CAPTURE_AUTORELEASING = YES;
				CLANG_WARN_BOOL_CONVERSION = YES;
				CLANG_WARN_COMMA = YES;
				CLANG_WARN_CONSTANT_CONVERSION = YES;
				CLANG_WARN_DEPRECATED_OBJC_IMPLEMENTATIONS = YES;
				CLANG_WARN_DIRECT_OBJC_ISA_USAGE = YES_ERROR;
				CLANG_WARN_DOCUMENTATION_COMMENTS = YES;
				CLANG_WARN_EMPTY_BODY = YES;
				CLANG_WARN_ENUM_CONVERSION = YES;
				CLANG_WARN_INFINITE_RECURSION = YES;
				CLANG_WARN_INT_CONVERSION = YES;
				CLANG_WARN_NON_LITERAL_NULL_CONVERSION = YES;
				CLANG_WARN_OBJC_IMPLICIT_RETAIN_SELF = YES;
				CLANG_WARN_OBJC_LITERAL_CONVERSION = YES;
				CLANG_WARN_OBJC_ROOT_CLASS = YES_ERROR;
				CLANG_WARN_QUOTED_INCLUDE_IN_FRAMEWORK_HEADER = YES;
				CLANG_WARN_RANGE_LOOP_ANALYSIS = YES;
				CLANG_WARN_STRICT_PROTOTYPES = YES;
				CLANG_WARN_SUSPICIOUS_MOVE = YES;
				CLANG_WARN_UNGUARDED_AVAILABILITY = YES_AGGRESSIVE;
				CLANG_WARN_UNREACHABLE_CODE = YES;
				CLANG_WARN__DUPLICATE_METHOD_MATCH = YES;
				COPY_PHASE_STRIP = NO;
				CURRENT_PROJECT_VERSION = 26;
				DEBUG_INFORMATION_FORMAT = dwarf;
				ENABLE_STRICT_OBJC_MSGSEND = YES;
				ENABLE_TESTABILITY = YES;
				GCC_C_LANGUAGE_STANDARD = gnu11;
				GCC_DYNAMIC_NO_PIC = NO;
				GCC_NO_COMMON_BLOCKS = YES;
				GCC_OPTIMIZATION_LEVEL = 0;
				GCC_PREPROCESSOR_DEFINITIONS = (
					"DEBUG=1",
					"$(inherited)",
				);
				GCC_WARN_64_TO_32_BIT_CONVERSION = YES;
				GCC_WARN_ABOUT_RETURN_TYPE = YES_ERROR;
				GCC_WARN_UNDECLARED_SELECTOR = YES;
				GCC_WARN_UNINITIALIZED_AUTOS = YES_AGGRESSIVE;
				GCC_WARN_UNUSED_FUNCTION = YES;
				GCC_WARN_UNUSED_VARIABLE = YES;
				IPHONEOS_DEPLOYMENT_TARGET = 11.0;
				MARKETING_VERSION = 1.10;
				MTL_ENABLE_DEBUG_INFO = INCLUDE_SOURCE;
				MTL_FAST_MATH = YES;
				ONLY_ACTIVE_ARCH = YES;
				SDKROOT = iphoneos;
				SWIFT_ACTIVE_COMPILATION_CONDITIONS = DEBUG;
				SWIFT_OPTIMIZATION_LEVEL = "-Onone";
			};
			name = Debug;
		};
		7A650B1022C1300500059687 /* Release */ = {
			isa = XCBuildConfiguration;
			buildSettings = {
				ALWAYS_SEARCH_USER_PATHS = NO;
				APP_NAME_IDENTIFIER = Workout;
				CLANG_ANALYZER_LOCALIZABILITY_NONLOCALIZED = YES;
				CLANG_ANALYZER_NONNULL = YES;
				CLANG_ANALYZER_NUMBER_OBJECT_CONVERSION = YES_AGGRESSIVE;
				CLANG_CXX_LANGUAGE_STANDARD = "gnu++14";
				CLANG_CXX_LIBRARY = "libc++";
				CLANG_ENABLE_MODULES = YES;
				CLANG_ENABLE_OBJC_ARC = YES;
				CLANG_ENABLE_OBJC_WEAK = YES;
				CLANG_WARN_BLOCK_CAPTURE_AUTORELEASING = YES;
				CLANG_WARN_BOOL_CONVERSION = YES;
				CLANG_WARN_COMMA = YES;
				CLANG_WARN_CONSTANT_CONVERSION = YES;
				CLANG_WARN_DEPRECATED_OBJC_IMPLEMENTATIONS = YES;
				CLANG_WARN_DIRECT_OBJC_ISA_USAGE = YES_ERROR;
				CLANG_WARN_DOCUMENTATION_COMMENTS = YES;
				CLANG_WARN_EMPTY_BODY = YES;
				CLANG_WARN_ENUM_CONVERSION = YES;
				CLANG_WARN_INFINITE_RECURSION = YES;
				CLANG_WARN_INT_CONVERSION = YES;
				CLANG_WARN_NON_LITERAL_NULL_CONVERSION = YES;
				CLANG_WARN_OBJC_IMPLICIT_RETAIN_SELF = YES;
				CLANG_WARN_OBJC_LITERAL_CONVERSION = YES;
				CLANG_WARN_OBJC_ROOT_CLASS = YES_ERROR;
				CLANG_WARN_QUOTED_INCLUDE_IN_FRAMEWORK_HEADER = YES;
				CLANG_WARN_RANGE_LOOP_ANALYSIS = YES;
				CLANG_WARN_STRICT_PROTOTYPES = YES;
				CLANG_WARN_SUSPICIOUS_MOVE = YES;
				CLANG_WARN_UNGUARDED_AVAILABILITY = YES_AGGRESSIVE;
				CLANG_WARN_UNREACHABLE_CODE = YES;
				CLANG_WARN__DUPLICATE_METHOD_MATCH = YES;
				COPY_PHASE_STRIP = NO;
				CURRENT_PROJECT_VERSION = 26;
				DEBUG_INFORMATION_FORMAT = "dwarf-with-dsym";
				ENABLE_NS_ASSERTIONS = NO;
				ENABLE_STRICT_OBJC_MSGSEND = YES;
				GCC_C_LANGUAGE_STANDARD = gnu11;
				GCC_NO_COMMON_BLOCKS = YES;
				GCC_WARN_64_TO_32_BIT_CONVERSION = YES;
				GCC_WARN_ABOUT_RETURN_TYPE = YES_ERROR;
				GCC_WARN_UNDECLARED_SELECTOR = YES;
				GCC_WARN_UNINITIALIZED_AUTOS = YES_AGGRESSIVE;
				GCC_WARN_UNUSED_FUNCTION = YES;
				GCC_WARN_UNUSED_VARIABLE = YES;
				IPHONEOS_DEPLOYMENT_TARGET = 11.0;
				MARKETING_VERSION = 1.10;
				MTL_ENABLE_DEBUG_INFO = NO;
				MTL_FAST_MATH = YES;
				SDKROOT = iphoneos;
				SWIFT_COMPILATION_MODE = wholemodule;
				SWIFT_OPTIMIZATION_LEVEL = "-O";
				VALIDATE_PRODUCT = YES;
			};
			name = Release;
		};
		7A650B1222C1300500059687 /* Debug */ = {
			isa = XCBuildConfiguration;
			baseConfigurationReference = 5D5FDF6B281BD8F3FEE5AC5C /* Pods-Workout.debug.xcconfig */;
			buildSettings = {
				ALWAYS_EMBED_SWIFT_STANDARD_LIBRARIES = YES;
				ASSETCATALOG_COMPILER_APPICON_NAME = AppIcon;
				CODE_SIGN_ENTITLEMENTS = Workout/Workout.entitlements;
				CODE_SIGN_STYLE = Automatic;
				DEVELOPMENT_TEAM = C8D57YLUAC;
				INFOPLIST_FILE = Workout/Info.plist;
				LD_RUNPATH_SEARCH_PATHS = (
					"$(inherited)",
					"@executable_path/Frameworks",
				);
				PRODUCT_BUNDLE_IDENTIFIER = "Marco-Boschi.ios.$(APP_NAME_IDENTIFIER)";
				PRODUCT_NAME = "$(TARGET_NAME)";
				SWIFT_VERSION = 5.0;
				TARGETED_DEVICE_FAMILY = 1;
			};
			name = Debug;
		};
		7A650B1322C1300500059687 /* Release */ = {
			isa = XCBuildConfiguration;
			baseConfigurationReference = 15DCB1062DF12CD614F251B6 /* Pods-Workout.release.xcconfig */;
			buildSettings = {
				ALWAYS_EMBED_SWIFT_STANDARD_LIBRARIES = YES;
				ASSETCATALOG_COMPILER_APPICON_NAME = AppIcon;
				CODE_SIGN_ENTITLEMENTS = Workout/Workout.entitlements;
				CODE_SIGN_STYLE = Automatic;
				DEVELOPMENT_TEAM = C8D57YLUAC;
				INFOPLIST_FILE = Workout/Info.plist;
				LD_RUNPATH_SEARCH_PATHS = (
					"$(inherited)",
					"@executable_path/Frameworks",
				);
				PRODUCT_BUNDLE_IDENTIFIER = "Marco-Boschi.ios.$(APP_NAME_IDENTIFIER)";
				PRODUCT_NAME = "$(TARGET_NAME)";
				SWIFT_VERSION = 5.0;
				TARGETED_DEVICE_FAMILY = 1;
			};
			name = Release;
		};
		7A71710C2365B35C005A3314 /* Debug */ = {
			isa = XCBuildConfiguration;
			buildSettings = {
				ASSETCATALOG_COMPILER_APPICON_NAME = AppIcon;
				CODE_SIGN_ENTITLEMENTS = WorkoutHelper/WorkoutHelper.entitlements;
				CODE_SIGN_STYLE = Automatic;
				DEVELOPMENT_ASSET_PATHS = "\"WorkoutHelper/Preview Content\"";
				DEVELOPMENT_TEAM = C8D57YLUAC;
				ENABLE_PREVIEWS = YES;
				INFOPLIST_FILE = WorkoutHelper/Info.plist;
				IPHONEOS_DEPLOYMENT_TARGET = 13.1;
				LD_RUNPATH_SEARCH_PATHS = (
					"$(inherited)",
					"@executable_path/Frameworks",
				);
				PRODUCT_BUNDLE_IDENTIFIER = "Marco-Boschi.ios.WorkoutHelper";
				PRODUCT_NAME = "$(TARGET_NAME)";
				SWIFT_VERSION = 5.0;
				TARGETED_DEVICE_FAMILY = "1,2";
			};
			name = Debug;
		};
		7A71710D2365B35C005A3314 /* Release */ = {
			isa = XCBuildConfiguration;
			buildSettings = {
				ASSETCATALOG_COMPILER_APPICON_NAME = AppIcon;
				CODE_SIGN_ENTITLEMENTS = WorkoutHelper/WorkoutHelper.entitlements;
				CODE_SIGN_STYLE = Automatic;
				DEVELOPMENT_ASSET_PATHS = "\"WorkoutHelper/Preview Content\"";
				DEVELOPMENT_TEAM = C8D57YLUAC;
				ENABLE_PREVIEWS = YES;
				INFOPLIST_FILE = WorkoutHelper/Info.plist;
				IPHONEOS_DEPLOYMENT_TARGET = 13.1;
				LD_RUNPATH_SEARCH_PATHS = (
					"$(inherited)",
					"@executable_path/Frameworks",
				);
				PRODUCT_BUNDLE_IDENTIFIER = "Marco-Boschi.ios.WorkoutHelper";
				PRODUCT_NAME = "$(TARGET_NAME)";
				SWIFT_VERSION = 5.0;
				TARGETED_DEVICE_FAMILY = "1,2";
			};
			name = Release;
		};
		7AB7CD8A22C4D774001A0171 /* Debug */ = {
			isa = XCBuildConfiguration;
			baseConfigurationReference = A91EF3720C9C955433E15722 /* Pods-Workout Core.debug.xcconfig */;
			buildSettings = {
				CODE_SIGN_STYLE = Automatic;
				DEFINES_MODULE = YES;
				DEVELOPMENT_TEAM = C8D57YLUAC;
				DYLIB_COMPATIBILITY_VERSION = 1;
				DYLIB_CURRENT_VERSION = 1;
				DYLIB_INSTALL_NAME_BASE = "@rpath";
				INFOPLIST_FILE = "Workout Core/Info.plist";
				INSTALL_PATH = "$(LOCAL_LIBRARY_DIR)/Frameworks";
				LD_RUNPATH_SEARCH_PATHS = (
					"$(inherited)",
					"@executable_path/Frameworks",
					"@loader_path/Frameworks",
				);
				PRODUCT_BUNDLE_IDENTIFIER = "Marco-Boschi.ios.$(APP_NAME_IDENTIFIER).core";
				PRODUCT_NAME = "$(APP_NAME_IDENTIFIER)Core";
				SKIP_INSTALL = YES;
				SUPPORTS_UIKITFORMAC = NO;
				SWIFT_VERSION = 5.0;
				TARGETED_DEVICE_FAMILY = 1;
				VERSIONING_SYSTEM = "apple-generic";
				VERSION_INFO_PREFIX = "";
			};
			name = Debug;
		};
		7AB7CD8B22C4D774001A0171 /* Release */ = {
			isa = XCBuildConfiguration;
			baseConfigurationReference = 5CDCD9A647ADAC5D3651BE69 /* Pods-Workout Core.release.xcconfig */;
			buildSettings = {
				CODE_SIGN_STYLE = Automatic;
				DEFINES_MODULE = YES;
				DEVELOPMENT_TEAM = C8D57YLUAC;
				DYLIB_COMPATIBILITY_VERSION = 1;
				DYLIB_CURRENT_VERSION = 1;
				DYLIB_INSTALL_NAME_BASE = "@rpath";
				INFOPLIST_FILE = "Workout Core/Info.plist";
				INSTALL_PATH = "$(LOCAL_LIBRARY_DIR)/Frameworks";
				LD_RUNPATH_SEARCH_PATHS = (
					"$(inherited)",
					"@executable_path/Frameworks",
					"@loader_path/Frameworks",
				);
				PRODUCT_BUNDLE_IDENTIFIER = "Marco-Boschi.ios.$(APP_NAME_IDENTIFIER).core";
				PRODUCT_NAME = "$(APP_NAME_IDENTIFIER)Core";
				SKIP_INSTALL = YES;
				SUPPORTS_UIKITFORMAC = NO;
				SWIFT_VERSION = 5.0;
				TARGETED_DEVICE_FAMILY = 1;
				VERSIONING_SYSTEM = "apple-generic";
				VERSION_INFO_PREFIX = "";
			};
			name = Release;
		};
/* End XCBuildConfiguration section */

/* Begin XCConfigurationList section */
		7A650AF822C1300000059687 /* Build configuration list for PBXProject "Workout" */ = {
			isa = XCConfigurationList;
			buildConfigurations = (
				7A650B0F22C1300500059687 /* Debug */,
				7A650B1022C1300500059687 /* Release */,
			);
			defaultConfigurationIsVisible = 0;
			defaultConfigurationName = Release;
		};
		7A650B1122C1300500059687 /* Build configuration list for PBXNativeTarget "Workout" */ = {
			isa = XCConfigurationList;
			buildConfigurations = (
				7A650B1222C1300500059687 /* Debug */,
				7A650B1322C1300500059687 /* Release */,
			);
			defaultConfigurationIsVisible = 0;
			defaultConfigurationName = Release;
		};
		7A7171142365B35C005A3314 /* Build configuration list for PBXNativeTarget "WorkoutHelper" */ = {
			isa = XCConfigurationList;
			buildConfigurations = (
				7A71710C2365B35C005A3314 /* Debug */,
				7A71710D2365B35C005A3314 /* Release */,
			);
			defaultConfigurationIsVisible = 0;
			defaultConfigurationName = Release;
		};
		7AB7CD9222C4D774001A0171 /* Build configuration list for PBXNativeTarget "Workout Core" */ = {
			isa = XCConfigurationList;
			buildConfigurations = (
				7AB7CD8A22C4D774001A0171 /* Debug */,
				7AB7CD8B22C4D774001A0171 /* Release */,
			);
			defaultConfigurationIsVisible = 0;
			defaultConfigurationName = Release;
		};
/* End XCConfigurationList section */
	};
	rootObject = 7A650AF522C1300000059687 /* Project object */;
}
